// !$*UTF8*$!
{
	archiveVersion = 1;
	classes = {
	};
	objectVersion = 56;
	objects = {

/* Begin PBXBuildFile section */
		29EB1E5C82CF450D76A52223 /* libPods-MoviesExample.a in Frameworks */ = {isa = PBXBuildFile; fileRef = 3E5ED45D09E3D7E97DA2CC22 /* libPods-MoviesExample.a */; };
		A1ACC7CB5E47EAD98EF35E92 /* libPods-MoviesSnapshotTests.a in Frameworks */ = {isa = PBXBuildFile; fileRef = 0629BB40FF0FA75E5FE33790 /* libPods-MoviesSnapshotTests.a */; };
		A31F889829EA88E80077296B /* MoviesEndpontData.swift in Sources */ = {isa = PBXBuildFile; fileRef = A31F889729EA88E80077296B /* MoviesEndpontData.swift */; };
		A333E6AC29E5CC9800A5954F /* NetworkHeaders.swift in Sources */ = {isa = PBXBuildFile; fileRef = A333E6AB29E5CC9800A5954F /* NetworkHeaders.swift */; };
		A333E6AE29E5CD9300A5954F /* NetworkPath.swift in Sources */ = {isa = PBXBuildFile; fileRef = A333E6AD29E5CD9300A5954F /* NetworkPath.swift */; };
		A333E6B029E5CDCF00A5954F /* ReachabilityService.swift in Sources */ = {isa = PBXBuildFile; fileRef = A333E6AF29E5CDCF00A5954F /* ReachabilityService.swift */; };
		A333E6B229E5CE6000A5954F /* Network.swift in Sources */ = {isa = PBXBuildFile; fileRef = A333E6B129E5CE6000A5954F /* Network.swift */; };
		A333E6B429E5CF1E00A5954F /* NetworkEndpointData.swift in Sources */ = {isa = PBXBuildFile; fileRef = A333E6B329E5CF1E00A5954F /* NetworkEndpointData.swift */; };
		A333E6B629E5D06000A5954F /* NetworkLogger.swift in Sources */ = {isa = PBXBuildFile; fileRef = A333E6B529E5D06000A5954F /* NetworkLogger.swift */; };
		A333E6B829E5D08500A5954F /* DateFormatter+Support.swift in Sources */ = {isa = PBXBuildFile; fileRef = A333E6B729E5D08500A5954F /* DateFormatter+Support.swift */; };
		A333E6BA29E5D0B100A5954F /* Date+Support.swift in Sources */ = {isa = PBXBuildFile; fileRef = A333E6B929E5D0B100A5954F /* Date+Support.swift */; };
		A333E6BC29E5D38700A5954F /* Observable+Network.swift in Sources */ = {isa = PBXBuildFile; fileRef = A333E6BB29E5D38700A5954F /* Observable+Network.swift */; };
		A333E6C729E6B4A500A5954F /* ViewModel.swift in Sources */ = {isa = PBXBuildFile; fileRef = A333E6C629E6B4A500A5954F /* ViewModel.swift */; };
		A333E6C929E6B4B900A5954F /* EventViewModel.swift in Sources */ = {isa = PBXBuildFile; fileRef = A333E6C829E6B4B900A5954F /* EventViewModel.swift */; };
		A333E6CB29E6BE7E00A5954F /* ShimmerCellNode.swift in Sources */ = {isa = PBXBuildFile; fileRef = A333E6CA29E6BE7E00A5954F /* ShimmerCellNode.swift */; };
		A333E6CD29E6CD8000A5954F /* RemoteDataSource.swift in Sources */ = {isa = PBXBuildFile; fileRef = A333E6CC29E6CD8000A5954F /* RemoteDataSource.swift */; };
		A333E6D129E6CE3000A5954F /* ListMovieResponseDTO.swift in Sources */ = {isa = PBXBuildFile; fileRef = A333E6D029E6CE3000A5954F /* ListMovieResponseDTO.swift */; };
		A333E6D529E6CE5E00A5954F /* ListMovieEntity.swift in Sources */ = {isa = PBXBuildFile; fileRef = A333E6D429E6CE5E00A5954F /* ListMovieEntity.swift */; };
		A333E6D729E6CE7E00A5954F /* ResponseWrappers.swift in Sources */ = {isa = PBXBuildFile; fileRef = A333E6D629E6CE7E00A5954F /* ResponseWrappers.swift */; };
		A333E6DC29E6D57500A5954F /* NetworkQuery.swift in Sources */ = {isa = PBXBuildFile; fileRef = A333E6DB29E6D57500A5954F /* NetworkQuery.swift */; };
		A333E6E029E7334600A5954F /* ControllerNode.swift in Sources */ = {isa = PBXBuildFile; fileRef = A333E6DF29E7334600A5954F /* ControllerNode.swift */; };
		A333E6E329E741F500A5954F /* MovieDetailsScreenNode.swift in Sources */ = {isa = PBXBuildFile; fileRef = A333E6E229E741F500A5954F /* MovieDetailsScreenNode.swift */; };
		A333E6E529E7420100A5954F /* MovieDetailsViewModel.swift in Sources */ = {isa = PBXBuildFile; fileRef = A333E6E429E7420100A5954F /* MovieDetailsViewModel.swift */; };
		A333E6E729E74AE700A5954F /* Id.swift in Sources */ = {isa = PBXBuildFile; fileRef = A333E6E629E74AE700A5954F /* Id.swift */; };
		A333E6E929E74BC900A5954F /* MovieResponseDTO.swift in Sources */ = {isa = PBXBuildFile; fileRef = A333E6E829E74BC900A5954F /* MovieResponseDTO.swift */; };
		A333E6EB29E74DA800A5954F /* MovieEntity.swift in Sources */ = {isa = PBXBuildFile; fileRef = A333E6EA29E74DA800A5954F /* MovieEntity.swift */; };
		A333E6EE29E7CA5000A5954F /* MoviesSliderCellNode.swift in Sources */ = {isa = PBXBuildFile; fileRef = A333E6ED29E7CA5000A5954F /* MoviesSliderCellNode.swift */; };
		A333E6F029E7D63C00A5954F /* String+Support.swift in Sources */ = {isa = PBXBuildFile; fileRef = A333E6EF29E7D63C00A5954F /* String+Support.swift */; };
		A333E6F429E7EE9600A5954F /* MovieCardNode.swift in Sources */ = {isa = PBXBuildFile; fileRef = A333E6F329E7EE9600A5954F /* MovieCardNode.swift */; };
		A333E6F629E7FC3600A5954F /* MovieDetailsTitleCellNode.swift in Sources */ = {isa = PBXBuildFile; fileRef = A333E6F529E7FC3600A5954F /* MovieDetailsTitleCellNode.swift */; };
		A333E6F929E7FD5900A5954F /* RatingNode.swift in Sources */ = {isa = PBXBuildFile; fileRef = A333E6F829E7FD5900A5954F /* RatingNode.swift */; };
		A333E6FB29E7FE1200A5954F /* Localizable.strings in Resources */ = {isa = PBXBuildFile; fileRef = A333E6FA29E7FE1200A5954F /* Localizable.strings */; };
		A333E6FD29E803C900A5954F /* MovieDetailsTrailerCellNode.swift in Sources */ = {isa = PBXBuildFile; fileRef = A333E6FC29E803C900A5954F /* MovieDetailsTrailerCellNode.swift */; };
		A357772E29E8158F00093AB7 /* GenreEntity.swift in Sources */ = {isa = PBXBuildFile; fileRef = A357772D29E8158F00093AB7 /* GenreEntity.swift */; };
		A357773029E8161400093AB7 /* GenresTagsCellNode.swift in Sources */ = {isa = PBXBuildFile; fileRef = A357772F29E8161400093AB7 /* GenresTagsCellNode.swift */; };
		A357773229E8187900093AB7 /* MovieDetailsDescriptionCellNode.swift in Sources */ = {isa = PBXBuildFile; fileRef = A357773129E8187900093AB7 /* MovieDetailsDescriptionCellNode.swift */; };
		A357773429E8196700093AB7 /* GenreTagNode.swift in Sources */ = {isa = PBXBuildFile; fileRef = A357773329E8196700093AB7 /* GenreTagNode.swift */; };
		A357773629E81FA400093AB7 /* CastResponseDTO.swift in Sources */ = {isa = PBXBuildFile; fileRef = A357773529E81FA400093AB7 /* CastResponseDTO.swift */; };
		A357773829E8205A00093AB7 /* ListActorEntity.swift in Sources */ = {isa = PBXBuildFile; fileRef = A357773729E8205A00093AB7 /* ListActorEntity.swift */; };
		A357773A29E8227200093AB7 /* ActorsSliderCellNode.swift in Sources */ = {isa = PBXBuildFile; fileRef = A357773929E8227200093AB7 /* ActorsSliderCellNode.swift */; };
		A357774029E82ECC00093AB7 /* ActorCardNode.swift in Sources */ = {isa = PBXBuildFile; fileRef = A357773F29E82ECC00093AB7 /* ActorCardNode.swift */; };
		A368636E29EAB647006B00FD /* Support.swift in Sources */ = {isa = PBXBuildFile; fileRef = A31F889B29EA92D60077296B /* Support.swift */; };
		A368636F29EAB65E006B00FD /* test_cover.jpg in Resources */ = {isa = PBXBuildFile; fileRef = A31F88B129EAA7DC0077296B /* test_cover.jpg */; };
		A368637029EAB660006B00FD /* test_poster.jpg in Resources */ = {isa = PBXBuildFile; fileRef = A31F88B029EAA7DC0077296B /* test_poster.jpg */; };
		A368638129EAB72A006B00FD /* SnapshotTesting in Frameworks */ = {isa = PBXBuildFile; productRef = A368638029EAB72A006B00FD /* SnapshotTesting */; };
		A368638229EAB738006B00FD /* test_cover.jpg in Resources */ = {isa = PBXBuildFile; fileRef = A31F88B129EAA7DC0077296B /* test_cover.jpg */; };
		A368638329EAB73A006B00FD /* test_poster.jpg in Resources */ = {isa = PBXBuildFile; fileRef = A31F88B029EAA7DC0077296B /* test_poster.jpg */; };
		A368638429EAB743006B00FD /* Support.swift in Sources */ = {isa = PBXBuildFile; fileRef = A31F889B29EA92D60077296B /* Support.swift */; };
		A368638529EAB750006B00FD /* Support+Snapshots.swift in Sources */ = {isa = PBXBuildFile; fileRef = A31F88A029EA93400077296B /* Support+Snapshots.swift */; };
		A368638729EAB781006B00FD /* SearchTrendingMovieCellNodeTests.swift in Sources */ = {isa = PBXBuildFile; fileRef = A31F88A329EA97FA0077296B /* SearchTrendingMovieCellNodeTests.swift */; };
		A368638B29EAD2F3006B00FD /* SearchMovieCellNodeTests.swift in Sources */ = {isa = PBXBuildFile; fileRef = A368638A29EAD2F3006B00FD /* SearchMovieCellNodeTests.swift */; };
		A368638D29EAD35C006B00FD /* SearchSectionHeaderNodeTests.swift in Sources */ = {isa = PBXBuildFile; fileRef = A368638C29EAD35C006B00FD /* SearchSectionHeaderNodeTests.swift */; };
		A368639229EAD59D006B00FD /* ActorCardNodeTests.swift in Sources */ = {isa = PBXBuildFile; fileRef = A368639129EAD59D006B00FD /* ActorCardNodeTests.swift */; };
		A368639429EAD6D7006B00FD /* GenreTagNodeTests.swift in Sources */ = {isa = PBXBuildFile; fileRef = A368639329EAD6D7006B00FD /* GenreTagNodeTests.swift */; };
		A368639629EAD7D1006B00FD /* MovieCardNodeTests.swift in Sources */ = {isa = PBXBuildFile; fileRef = A368639529EAD7D0006B00FD /* MovieCardNodeTests.swift */; };
		A368639829EAD878006B00FD /* RatingNodeTests.swift in Sources */ = {isa = PBXBuildFile; fileRef = A368639729EAD878006B00FD /* RatingNodeTests.swift */; };
		A368639C29EAF385006B00FD /* NetworkHeadersTests.swift in Sources */ = {isa = PBXBuildFile; fileRef = A368639B29EAF385006B00FD /* NetworkHeadersTests.swift */; };
		A368639E29EAF434006B00FD /* NetworkResponseParserTests.swift in Sources */ = {isa = PBXBuildFile; fileRef = A368639D29EAF434006B00FD /* NetworkResponseParserTests.swift */; };
		A36863A029EAF57B006B00FD /* NetworkErrorTests.swift in Sources */ = {isa = PBXBuildFile; fileRef = A368639F29EAF57B006B00FD /* NetworkErrorTests.swift */; };
		A36863A429EAF707006B00FD /* NetworkTests.swift in Sources */ = {isa = PBXBuildFile; fileRef = A36863A329EAF707006B00FD /* NetworkTests.swift */; };
		A3820D3F29E59A3000993406 /* AppDelegate.swift in Sources */ = {isa = PBXBuildFile; fileRef = A3820D3E29E59A3000993406 /* AppDelegate.swift */; };
		A3820D4829E59A3100993406 /* Assets.xcassets in Resources */ = {isa = PBXBuildFile; fileRef = A3820D4729E59A3100993406 /* Assets.xcassets */; };
		A3820D4B29E59A3100993406 /* LaunchScreen.storyboard in Resources */ = {isa = PBXBuildFile; fileRef = A3820D4929E59A3100993406 /* LaunchScreen.storyboard */; };
		A3820D7429E59DE200993406 /* R.generated.swift in Sources */ = {isa = PBXBuildFile; fileRef = A3820D7329E59DE200993406 /* R.generated.swift */; };
		A3820D7629E5A1E700993406 /* CompositionRoot.swift in Sources */ = {isa = PBXBuildFile; fileRef = A3820D7529E5A1E700993406 /* CompositionRoot.swift */; };
		A3820D7829E5A32F00993406 /* ScreenFactory.swift in Sources */ = {isa = PBXBuildFile; fileRef = A3820D7729E5A32F00993406 /* ScreenFactory.swift */; };
		A3820D7A29E5A40A00993406 /* Environment.swift in Sources */ = {isa = PBXBuildFile; fileRef = A3820D7929E5A40A00993406 /* Environment.swift */; };
		A3820D7E29E5A82900993406 /* NavigationController.swift in Sources */ = {isa = PBXBuildFile; fileRef = A3820D7D29E5A82900993406 /* NavigationController.swift */; };
		A3820D8529E5AE2500993406 /* Log.swift in Sources */ = {isa = PBXBuildFile; fileRef = A3820D8429E5AE2500993406 /* Log.swift */; };
		A3820D8A29E5AF1200993406 /* Task+Support.swift in Sources */ = {isa = PBXBuildFile; fileRef = A3820D8929E5AF1200993406 /* Task+Support.swift */; };
		A3820D8D29E5AF6A00993406 /* Shortcuts.swift in Sources */ = {isa = PBXBuildFile; fileRef = A3820D8C29E5AF6A00993406 /* Shortcuts.swift */; };
		A3820D8F29E5B20600993406 /* ViewController.swift in Sources */ = {isa = PBXBuildFile; fileRef = A3820D8E29E5B20600993406 /* ViewController.swift */; };
		A3820D9129E5B39A00993406 /* ScreenNode.swift in Sources */ = {isa = PBXBuildFile; fileRef = A3820D9029E5B39A00993406 /* ScreenNode.swift */; };
		A3820D9529E5B4F400993406 /* HomeScreenNode.swift in Sources */ = {isa = PBXBuildFile; fileRef = A3820D9429E5B4F400993406 /* HomeScreenNode.swift */; };
		A3820D9729E5B4FD00993406 /* HomeViewModel.swift in Sources */ = {isa = PBXBuildFile; fileRef = A3820D9629E5B4FD00993406 /* HomeViewModel.swift */; };
		A3820D9A29E5B53100993406 /* SearchScreenNode.swift in Sources */ = {isa = PBXBuildFile; fileRef = A3820D9929E5B53100993406 /* SearchScreenNode.swift */; };
		A3820D9C29E5B53E00993406 /* SearchViewModel.swift in Sources */ = {isa = PBXBuildFile; fileRef = A3820D9B29E5B53E00993406 /* SearchViewModel.swift */; };
		A3820D9E29E5B83000993406 /* MainTabBarController.swift in Sources */ = {isa = PBXBuildFile; fileRef = A3820D9D29E5B83000993406 /* MainTabBarController.swift */; };
		A3820DA029E5BB5400993406 /* NSObject+Support.swift in Sources */ = {isa = PBXBuildFile; fileRef = A3820D9F29E5BB5400993406 /* NSObject+Support.swift */; };
		A3820DA229E5BB8C00993406 /* UIViewController+Support.swift in Sources */ = {isa = PBXBuildFile; fileRef = A3820DA129E5BB8C00993406 /* UIViewController+Support.swift */; };
		A3820DA429E5BC6D00993406 /* UITabBar+Support.swift in Sources */ = {isa = PBXBuildFile; fileRef = A3820DA329E5BC6D00993406 /* UITabBar+Support.swift */; };
		A3820DA829E5BD8F00993406 /* VATheme+Support.swift in Sources */ = {isa = PBXBuildFile; fileRef = A3820DA729E5BD8F00993406 /* VATheme+Support.swift */; };
		A3820DAA29E5C30A00993406 /* CellViewModel.swift in Sources */ = {isa = PBXBuildFile; fileRef = A3820DA929E5C30A00993406 /* CellViewModel.swift */; };
		A3820DAC29E5C38C00993406 /* SearchSectionHeaderNode.swift in Sources */ = {isa = PBXBuildFile; fileRef = A3820DAB29E5C38C00993406 /* SearchSectionHeaderNode.swift */; };
		A3820DAE29E5C47D00993406 /* SearchTrendingMovieCellNode.swift in Sources */ = {isa = PBXBuildFile; fileRef = A3820DAD29E5C47D00993406 /* SearchTrendingMovieCellNode.swift */; };
		A3820DB129E5CAE500993406 /* NetworkRequestMethod.swift in Sources */ = {isa = PBXBuildFile; fileRef = A3820DB029E5CAE500993406 /* NetworkRequestMethod.swift */; };
		A3820DB329E5CB0400993406 /* NetworkResponseParser.swift in Sources */ = {isa = PBXBuildFile; fileRef = A3820DB229E5CB0400993406 /* NetworkResponseParser.swift */; };
		A3820DB529E5CB3F00993406 /* NetworkError.swift in Sources */ = {isa = PBXBuildFile; fileRef = A3820DB429E5CB3F00993406 /* NetworkError.swift */; };
		A383D32329E95A1800ED3BCB /* README.md in Resources */ = {isa = PBXBuildFile; fileRef = A383D32229E95A1800ED3BCB /* README.md */; };
		A383D32529E95F8E00ED3BCB /* SearchMovieCellNode.swift in Sources */ = {isa = PBXBuildFile; fileRef = A383D32429E95F8E00ED3BCB /* SearchMovieCellNode.swift */; };
		A38863992BA44EA000FC05FD /* CollectionTests.swift in Sources */ = {isa = PBXBuildFile; fileRef = A38863982BA44EA000FC05FD /* CollectionTests.swift */; };
		A39898172A04EBB800CC7CC8 /* HomeSectionHeaderNode.swift in Sources */ = {isa = PBXBuildFile; fileRef = A39898162A04EBB800CC7CC8 /* HomeSectionHeaderNode.swift */; };
		A398982C2A050DF300CC7CC8 /* HomeCellNode.swift in Sources */ = {isa = PBXBuildFile; fileRef = A398982B2A050DF300CC7CC8 /* HomeCellNode.swift */; };
		A3C743012B1CF8730050211E /* Umbrella.swift in Sources */ = {isa = PBXBuildFile; fileRef = A3C743002B1CF8730050211E /* Umbrella.swift */; };
		A3F008C52B19F0230083927F /* NavigationIdentity+Movies.swift in Sources */ = {isa = PBXBuildFile; fileRef = A3F008C42B19F0230083927F /* NavigationIdentity+Movies.swift */; };
		A3F008CC2B19F79B0083927F /* ActorDetailsScreenNode.swift in Sources */ = {isa = PBXBuildFile; fileRef = A3F008CB2B19F79B0083927F /* ActorDetailsScreenNode.swift */; };
		A3F008CE2B1A23E10083927F /* Responder+Movies.swift in Sources */ = {isa = PBXBuildFile; fileRef = A3F008CD2B1A23E10083927F /* Responder+Movies.swift */; };
		A3F69EF229EB23EA002929C1 /* NetworkPathTests.swift in Sources */ = {isa = PBXBuildFile; fileRef = A3F69EF129EB23EA002929C1 /* NetworkPathTests.swift */; };
		A3F69EF429EB3A74002929C1 /* ActorsSliderCellNodeTests.swift in Sources */ = {isa = PBXBuildFile; fileRef = A3F69EF329EB3A74002929C1 /* ActorsSliderCellNodeTests.swift */; };
		A3F69EF629EB3C20002929C1 /* GenresTagsCellNodeTests.swift in Sources */ = {isa = PBXBuildFile; fileRef = A3F69EF529EB3C20002929C1 /* GenresTagsCellNodeTests.swift */; };
		A3F69EF829EB3ECC002929C1 /* MoviesSliderCellNodeTests.swift in Sources */ = {isa = PBXBuildFile; fileRef = A3F69EF729EB3ECC002929C1 /* MoviesSliderCellNodeTests.swift */; };
		A3F69EFA29EB3F6E002929C1 /* ShimmerCellNodeTests.swift in Sources */ = {isa = PBXBuildFile; fileRef = A3F69EF929EB3F6E002929C1 /* ShimmerCellNodeTests.swift */; };
		A3F69EFC29EB40CF002929C1 /* MovieDetailsTitleCellNodeTests.swift in Sources */ = {isa = PBXBuildFile; fileRef = A3F69EFB29EB40CF002929C1 /* MovieDetailsTitleCellNodeTests.swift */; };
		A3F69EFE29EB4233002929C1 /* MovieDetailsTrailerCellNodeTests.swift in Sources */ = {isa = PBXBuildFile; fileRef = A3F69EFD29EB4233002929C1 /* MovieDetailsTrailerCellNodeTests.swift */; };
		A3F69F0029EB4266002929C1 /* MovieDetailsDescriptionCellNodeTests.swift in Sources */ = {isa = PBXBuildFile; fileRef = A3F69EFF29EB4266002929C1 /* MovieDetailsDescriptionCellNodeTests.swift */; };
		A3F69F0329EBD047002929C1 /* StringTests.swift in Sources */ = {isa = PBXBuildFile; fileRef = A3F69F0229EBD047002929C1 /* StringTests.swift */; };
		A3F69F0729EBD1C5002929C1 /* DateTests.swift in Sources */ = {isa = PBXBuildFile; fileRef = A3F69F0629EBD1C5002929C1 /* DateTests.swift */; };
		A3F69F0A29EBD748002929C1 /* SearchScreenTests.swift in Sources */ = {isa = PBXBuildFile; fileRef = A3F69F0929EBD748002929C1 /* SearchScreenTests.swift */; };
		A3F69F0C29EBE322002929C1 /* MovieDetailsScreenTests.swift in Sources */ = {isa = PBXBuildFile; fileRef = A3F69F0B29EBE322002929C1 /* MovieDetailsScreenTests.swift */; };
		A3FC64AB29E86083005A8D7B /* SearchBarNode.swift in Sources */ = {isa = PBXBuildFile; fileRef = A3FC64AA29E86083005A8D7B /* SearchBarNode.swift */; };
		D6ECE01D8744F980877B5981 /* libPods-MoviesTests.a in Frameworks */ = {isa = PBXBuildFile; fileRef = 3134556A3ABF61278A8C8FBF /* libPods-MoviesTests.a */; };
/* End PBXBuildFile section */

/* Begin PBXContainerItemProxy section */
		A368636629EAB57C006B00FD /* PBXContainerItemProxy */ = {
			isa = PBXContainerItemProxy;
			containerPortal = A3820D3329E59A3000993406 /* Project object */;
			proxyType = 1;
			remoteGlobalIDString = A3820D3A29E59A3000993406;
			remoteInfo = MoviesExample;
		};
		A368637A29EAB6EA006B00FD /* PBXContainerItemProxy */ = {
			isa = PBXContainerItemProxy;
			containerPortal = A3820D3329E59A3000993406 /* Project object */;
			proxyType = 1;
			remoteGlobalIDString = A3820D3A29E59A3000993406;
			remoteInfo = MoviesExample;
		};
/* End PBXContainerItemProxy section */

/* Begin PBXFileReference section */
		0629BB40FF0FA75E5FE33790 /* libPods-MoviesSnapshotTests.a */ = {isa = PBXFileReference; explicitFileType = archive.ar; includeInIndex = 0; path = "libPods-MoviesSnapshotTests.a"; sourceTree = BUILT_PRODUCTS_DIR; };
		223E55779155786DB58F05F4 /* Pods-MoviesExampleTests.release.xcconfig */ = {isa = PBXFileReference; includeInIndex = 1; lastKnownFileType = text.xcconfig; name = "Pods-MoviesExampleTests.release.xcconfig"; path = "Target Support Files/Pods-MoviesExampleTests/Pods-MoviesExampleTests.release.xcconfig"; sourceTree = "<group>"; };
		2856BBF6FC1A0CBF1DA00536 /* Pods-MoviesSnapshotTests.debug.xcconfig */ = {isa = PBXFileReference; includeInIndex = 1; lastKnownFileType = text.xcconfig; name = "Pods-MoviesSnapshotTests.debug.xcconfig"; path = "Target Support Files/Pods-MoviesSnapshotTests/Pods-MoviesSnapshotTests.debug.xcconfig"; sourceTree = "<group>"; };
		2FDD8DC56F47F4A13739C429 /* Pods-MoviesExampleTests.debug.xcconfig */ = {isa = PBXFileReference; includeInIndex = 1; lastKnownFileType = text.xcconfig; name = "Pods-MoviesExampleTests.debug.xcconfig"; path = "Target Support Files/Pods-MoviesExampleTests/Pods-MoviesExampleTests.debug.xcconfig"; sourceTree = "<group>"; };
		3134556A3ABF61278A8C8FBF /* libPods-MoviesTests.a */ = {isa = PBXFileReference; explicitFileType = archive.ar; includeInIndex = 0; path = "libPods-MoviesTests.a"; sourceTree = BUILT_PRODUCTS_DIR; };
		343BC864AF26CB65BCEC3A27 /* Pods-MoviesTests.debug.xcconfig */ = {isa = PBXFileReference; includeInIndex = 1; lastKnownFileType = text.xcconfig; name = "Pods-MoviesTests.debug.xcconfig"; path = "Target Support Files/Pods-MoviesTests/Pods-MoviesTests.debug.xcconfig"; sourceTree = "<group>"; };
		3E5ED45D09E3D7E97DA2CC22 /* libPods-MoviesExample.a */ = {isa = PBXFileReference; explicitFileType = archive.ar; includeInIndex = 0; path = "libPods-MoviesExample.a"; sourceTree = BUILT_PRODUCTS_DIR; };
		4531DBEFA104173978790132 /* Pods-MoviesExampleSnapshotTests.debug.xcconfig */ = {isa = PBXFileReference; includeInIndex = 1; lastKnownFileType = text.xcconfig; name = "Pods-MoviesExampleSnapshotTests.debug.xcconfig"; path = "Target Support Files/Pods-MoviesExampleSnapshotTests/Pods-MoviesExampleSnapshotTests.debug.xcconfig"; sourceTree = "<group>"; };
		69ECC951B8F3CAF4613ABF99 /* libPods-MoviesExampleTests.a */ = {isa = PBXFileReference; explicitFileType = archive.ar; includeInIndex = 0; path = "libPods-MoviesExampleTests.a"; sourceTree = BUILT_PRODUCTS_DIR; };
		747627F9F0AA05268A55878D /* Pods-MoviesExample.debug.xcconfig */ = {isa = PBXFileReference; includeInIndex = 1; lastKnownFileType = text.xcconfig; name = "Pods-MoviesExample.debug.xcconfig"; path = "Target Support Files/Pods-MoviesExample/Pods-MoviesExample.debug.xcconfig"; sourceTree = "<group>"; };
		9D2BEB870E758CEEF7C3FF58 /* Pods-MoviesSnapshotTests.release.xcconfig */ = {isa = PBXFileReference; includeInIndex = 1; lastKnownFileType = text.xcconfig; name = "Pods-MoviesSnapshotTests.release.xcconfig"; path = "Target Support Files/Pods-MoviesSnapshotTests/Pods-MoviesSnapshotTests.release.xcconfig"; sourceTree = "<group>"; };
		A31F889729EA88E80077296B /* MoviesEndpontData.swift */ = {isa = PBXFileReference; lastKnownFileType = sourcecode.swift; path = MoviesEndpontData.swift; sourceTree = "<group>"; };
		A31F889B29EA92D60077296B /* Support.swift */ = {isa = PBXFileReference; lastKnownFileType = sourcecode.swift; path = Support.swift; sourceTree = "<group>"; };
		A31F88A029EA93400077296B /* Support+Snapshots.swift */ = {isa = PBXFileReference; lastKnownFileType = sourcecode.swift; path = "Support+Snapshots.swift"; sourceTree = "<group>"; };
		A31F88A329EA97FA0077296B /* SearchTrendingMovieCellNodeTests.swift */ = {isa = PBXFileReference; lastKnownFileType = sourcecode.swift; path = SearchTrendingMovieCellNodeTests.swift; sourceTree = "<group>"; };
		A31F88B029EAA7DC0077296B /* test_poster.jpg */ = {isa = PBXFileReference; lastKnownFileType = image.jpeg; path = test_poster.jpg; sourceTree = "<group>"; };
		A31F88B129EAA7DC0077296B /* test_cover.jpg */ = {isa = PBXFileReference; lastKnownFileType = image.jpeg; path = test_cover.jpg; sourceTree = "<group>"; };
		A333E6AB29E5CC9800A5954F /* NetworkHeaders.swift */ = {isa = PBXFileReference; lastKnownFileType = sourcecode.swift; path = NetworkHeaders.swift; sourceTree = "<group>"; };
		A333E6AD29E5CD9300A5954F /* NetworkPath.swift */ = {isa = PBXFileReference; lastKnownFileType = sourcecode.swift; path = NetworkPath.swift; sourceTree = "<group>"; };
		A333E6AF29E5CDCF00A5954F /* ReachabilityService.swift */ = {isa = PBXFileReference; lastKnownFileType = sourcecode.swift; path = ReachabilityService.swift; sourceTree = "<group>"; };
		A333E6B129E5CE6000A5954F /* Network.swift */ = {isa = PBXFileReference; lastKnownFileType = sourcecode.swift; path = Network.swift; sourceTree = "<group>"; };
		A333E6B329E5CF1E00A5954F /* NetworkEndpointData.swift */ = {isa = PBXFileReference; lastKnownFileType = sourcecode.swift; path = NetworkEndpointData.swift; sourceTree = "<group>"; };
		A333E6B529E5D06000A5954F /* NetworkLogger.swift */ = {isa = PBXFileReference; lastKnownFileType = sourcecode.swift; path = NetworkLogger.swift; sourceTree = "<group>"; };
		A333E6B729E5D08500A5954F /* DateFormatter+Support.swift */ = {isa = PBXFileReference; lastKnownFileType = sourcecode.swift; path = "DateFormatter+Support.swift"; sourceTree = "<group>"; };
		A333E6B929E5D0B100A5954F /* Date+Support.swift */ = {isa = PBXFileReference; lastKnownFileType = sourcecode.swift; path = "Date+Support.swift"; sourceTree = "<group>"; };
		A333E6BB29E5D38700A5954F /* Observable+Network.swift */ = {isa = PBXFileReference; lastKnownFileType = sourcecode.swift; path = "Observable+Network.swift"; sourceTree = "<group>"; };
		A333E6BD29E5E47800A5954F /* Config.xcconfig */ = {isa = PBXFileReference; lastKnownFileType = text.xcconfig; path = Config.xcconfig; sourceTree = "<group>"; };
		A333E6C629E6B4A500A5954F /* ViewModel.swift */ = {isa = PBXFileReference; lastKnownFileType = sourcecode.swift; path = ViewModel.swift; sourceTree = "<group>"; };
		A333E6C829E6B4B900A5954F /* EventViewModel.swift */ = {isa = PBXFileReference; lastKnownFileType = sourcecode.swift; path = EventViewModel.swift; sourceTree = "<group>"; };
		A333E6CA29E6BE7E00A5954F /* ShimmerCellNode.swift */ = {isa = PBXFileReference; lastKnownFileType = sourcecode.swift; path = ShimmerCellNode.swift; sourceTree = "<group>"; };
		A333E6CC29E6CD8000A5954F /* RemoteDataSource.swift */ = {isa = PBXFileReference; lastKnownFileType = sourcecode.swift; path = RemoteDataSource.swift; sourceTree = "<group>"; };
		A333E6D029E6CE3000A5954F /* ListMovieResponseDTO.swift */ = {isa = PBXFileReference; lastKnownFileType = sourcecode.swift; path = ListMovieResponseDTO.swift; sourceTree = "<group>"; };
		A333E6D429E6CE5E00A5954F /* ListMovieEntity.swift */ = {isa = PBXFileReference; lastKnownFileType = sourcecode.swift; path = ListMovieEntity.swift; sourceTree = "<group>"; };
		A333E6D629E6CE7E00A5954F /* ResponseWrappers.swift */ = {isa = PBXFileReference; lastKnownFileType = sourcecode.swift; path = ResponseWrappers.swift; sourceTree = "<group>"; };
		A333E6DB29E6D57500A5954F /* NetworkQuery.swift */ = {isa = PBXFileReference; lastKnownFileType = sourcecode.swift; path = NetworkQuery.swift; sourceTree = "<group>"; };
		A333E6DF29E7334600A5954F /* ControllerNode.swift */ = {isa = PBXFileReference; lastKnownFileType = sourcecode.swift; path = ControllerNode.swift; sourceTree = "<group>"; };
		A333E6E229E741F500A5954F /* MovieDetailsScreenNode.swift */ = {isa = PBXFileReference; lastKnownFileType = sourcecode.swift; path = MovieDetailsScreenNode.swift; sourceTree = "<group>"; };
		A333E6E429E7420100A5954F /* MovieDetailsViewModel.swift */ = {isa = PBXFileReference; lastKnownFileType = sourcecode.swift; path = MovieDetailsViewModel.swift; sourceTree = "<group>"; };
		A333E6E629E74AE700A5954F /* Id.swift */ = {isa = PBXFileReference; lastKnownFileType = sourcecode.swift; path = Id.swift; sourceTree = "<group>"; };
		A333E6E829E74BC900A5954F /* MovieResponseDTO.swift */ = {isa = PBXFileReference; lastKnownFileType = sourcecode.swift; path = MovieResponseDTO.swift; sourceTree = "<group>"; };
		A333E6EA29E74DA800A5954F /* MovieEntity.swift */ = {isa = PBXFileReference; lastKnownFileType = sourcecode.swift; path = MovieEntity.swift; sourceTree = "<group>"; };
		A333E6ED29E7CA5000A5954F /* MoviesSliderCellNode.swift */ = {isa = PBXFileReference; lastKnownFileType = sourcecode.swift; path = MoviesSliderCellNode.swift; sourceTree = "<group>"; };
		A333E6EF29E7D63C00A5954F /* String+Support.swift */ = {isa = PBXFileReference; lastKnownFileType = sourcecode.swift; path = "String+Support.swift"; sourceTree = "<group>"; };
		A333E6F329E7EE9600A5954F /* MovieCardNode.swift */ = {isa = PBXFileReference; lastKnownFileType = sourcecode.swift; path = MovieCardNode.swift; sourceTree = "<group>"; };
		A333E6F529E7FC3600A5954F /* MovieDetailsTitleCellNode.swift */ = {isa = PBXFileReference; lastKnownFileType = sourcecode.swift; path = MovieDetailsTitleCellNode.swift; sourceTree = "<group>"; };
		A333E6F829E7FD5900A5954F /* RatingNode.swift */ = {isa = PBXFileReference; lastKnownFileType = sourcecode.swift; path = RatingNode.swift; sourceTree = "<group>"; };
		A333E6FA29E7FE1200A5954F /* Localizable.strings */ = {isa = PBXFileReference; lastKnownFileType = text.plist.strings; path = Localizable.strings; sourceTree = "<group>"; };
		A333E6FC29E803C900A5954F /* MovieDetailsTrailerCellNode.swift */ = {isa = PBXFileReference; lastKnownFileType = sourcecode.swift; path = MovieDetailsTrailerCellNode.swift; sourceTree = "<group>"; };
		A357772D29E8158F00093AB7 /* GenreEntity.swift */ = {isa = PBXFileReference; lastKnownFileType = sourcecode.swift; path = GenreEntity.swift; sourceTree = "<group>"; };
		A357772F29E8161400093AB7 /* GenresTagsCellNode.swift */ = {isa = PBXFileReference; lastKnownFileType = sourcecode.swift; path = GenresTagsCellNode.swift; sourceTree = "<group>"; };
		A357773129E8187900093AB7 /* MovieDetailsDescriptionCellNode.swift */ = {isa = PBXFileReference; lastKnownFileType = sourcecode.swift; path = MovieDetailsDescriptionCellNode.swift; sourceTree = "<group>"; };
		A357773329E8196700093AB7 /* GenreTagNode.swift */ = {isa = PBXFileReference; lastKnownFileType = sourcecode.swift; path = GenreTagNode.swift; sourceTree = "<group>"; };
		A357773529E81FA400093AB7 /* CastResponseDTO.swift */ = {isa = PBXFileReference; lastKnownFileType = sourcecode.swift; path = CastResponseDTO.swift; sourceTree = "<group>"; };
		A357773729E8205A00093AB7 /* ListActorEntity.swift */ = {isa = PBXFileReference; lastKnownFileType = sourcecode.swift; path = ListActorEntity.swift; sourceTree = "<group>"; };
		A357773929E8227200093AB7 /* ActorsSliderCellNode.swift */ = {isa = PBXFileReference; lastKnownFileType = sourcecode.swift; path = ActorsSliderCellNode.swift; sourceTree = "<group>"; };
		A357773F29E82ECC00093AB7 /* ActorCardNode.swift */ = {isa = PBXFileReference; lastKnownFileType = sourcecode.swift; path = ActorCardNode.swift; sourceTree = "<group>"; };
		A368636229EAB57B006B00FD /* MoviesTests.xctest */ = {isa = PBXFileReference; explicitFileType = wrapper.cfbundle; includeInIndex = 0; path = MoviesTests.xctest; sourceTree = BUILT_PRODUCTS_DIR; };
		A368637629EAB6EA006B00FD /* MoviesSnapshotTests.xctest */ = {isa = PBXFileReference; explicitFileType = wrapper.cfbundle; includeInIndex = 0; path = MoviesSnapshotTests.xctest; sourceTree = BUILT_PRODUCTS_DIR; };
		A368638A29EAD2F3006B00FD /* SearchMovieCellNodeTests.swift */ = {isa = PBXFileReference; lastKnownFileType = sourcecode.swift; path = SearchMovieCellNodeTests.swift; sourceTree = "<group>"; };
		A368638C29EAD35C006B00FD /* SearchSectionHeaderNodeTests.swift */ = {isa = PBXFileReference; lastKnownFileType = sourcecode.swift; path = SearchSectionHeaderNodeTests.swift; sourceTree = "<group>"; };
		A368639129EAD59D006B00FD /* ActorCardNodeTests.swift */ = {isa = PBXFileReference; lastKnownFileType = sourcecode.swift; path = ActorCardNodeTests.swift; sourceTree = "<group>"; };
		A368639329EAD6D7006B00FD /* GenreTagNodeTests.swift */ = {isa = PBXFileReference; lastKnownFileType = sourcecode.swift; path = GenreTagNodeTests.swift; sourceTree = "<group>"; };
		A368639529EAD7D0006B00FD /* MovieCardNodeTests.swift */ = {isa = PBXFileReference; lastKnownFileType = sourcecode.swift; path = MovieCardNodeTests.swift; sourceTree = "<group>"; };
		A368639729EAD878006B00FD /* RatingNodeTests.swift */ = {isa = PBXFileReference; lastKnownFileType = sourcecode.swift; path = RatingNodeTests.swift; sourceTree = "<group>"; };
		A368639B29EAF385006B00FD /* NetworkHeadersTests.swift */ = {isa = PBXFileReference; lastKnownFileType = sourcecode.swift; path = NetworkHeadersTests.swift; sourceTree = "<group>"; };
		A368639D29EAF434006B00FD /* NetworkResponseParserTests.swift */ = {isa = PBXFileReference; lastKnownFileType = sourcecode.swift; path = NetworkResponseParserTests.swift; sourceTree = "<group>"; };
		A368639F29EAF57B006B00FD /* NetworkErrorTests.swift */ = {isa = PBXFileReference; lastKnownFileType = sourcecode.swift; path = NetworkErrorTests.swift; sourceTree = "<group>"; };
		A36863A329EAF707006B00FD /* NetworkTests.swift */ = {isa = PBXFileReference; lastKnownFileType = sourcecode.swift; path = NetworkTests.swift; sourceTree = "<group>"; };
		A3820D3B29E59A3000993406 /* MoviesExample.app */ = {isa = PBXFileReference; explicitFileType = wrapper.application; includeInIndex = 0; path = MoviesExample.app; sourceTree = BUILT_PRODUCTS_DIR; };
		A3820D3E29E59A3000993406 /* AppDelegate.swift */ = {isa = PBXFileReference; lastKnownFileType = sourcecode.swift; path = AppDelegate.swift; sourceTree = "<group>"; };
		A3820D4729E59A3100993406 /* Assets.xcassets */ = {isa = PBXFileReference; lastKnownFileType = folder.assetcatalog; path = Assets.xcassets; sourceTree = "<group>"; };
		A3820D4A29E59A3100993406 /* Base */ = {isa = PBXFileReference; lastKnownFileType = file.storyboard; name = Base; path = Base.lproj/LaunchScreen.storyboard; sourceTree = "<group>"; };
		A3820D4C29E59A3100993406 /* Info.plist */ = {isa = PBXFileReference; lastKnownFileType = text.plist.xml; path = Info.plist; sourceTree = "<group>"; };
		A3820D7329E59DE200993406 /* R.generated.swift */ = {isa = PBXFileReference; fileEncoding = 4; lastKnownFileType = sourcecode.swift; name = R.generated.swift; path = R/R.generated.swift; sourceTree = SOURCE_ROOT; };
		A3820D7529E5A1E700993406 /* CompositionRoot.swift */ = {isa = PBXFileReference; lastKnownFileType = sourcecode.swift; path = CompositionRoot.swift; sourceTree = "<group>"; };
		A3820D7729E5A32F00993406 /* ScreenFactory.swift */ = {isa = PBXFileReference; lastKnownFileType = sourcecode.swift; path = ScreenFactory.swift; sourceTree = "<group>"; };
		A3820D7929E5A40A00993406 /* Environment.swift */ = {isa = PBXFileReference; lastKnownFileType = sourcecode.swift; path = Environment.swift; sourceTree = "<group>"; };
		A3820D7D29E5A82900993406 /* NavigationController.swift */ = {isa = PBXFileReference; lastKnownFileType = sourcecode.swift; path = NavigationController.swift; sourceTree = "<group>"; };
		A3820D8429E5AE2500993406 /* Log.swift */ = {isa = PBXFileReference; lastKnownFileType = sourcecode.swift; path = Log.swift; sourceTree = "<group>"; };
		A3820D8929E5AF1200993406 /* Task+Support.swift */ = {isa = PBXFileReference; lastKnownFileType = sourcecode.swift; path = "Task+Support.swift"; sourceTree = "<group>"; };
		A3820D8C29E5AF6A00993406 /* Shortcuts.swift */ = {isa = PBXFileReference; lastKnownFileType = sourcecode.swift; path = Shortcuts.swift; sourceTree = "<group>"; };
		A3820D8E29E5B20600993406 /* ViewController.swift */ = {isa = PBXFileReference; lastKnownFileType = sourcecode.swift; path = ViewController.swift; sourceTree = "<group>"; };
		A3820D9029E5B39A00993406 /* ScreenNode.swift */ = {isa = PBXFileReference; lastKnownFileType = sourcecode.swift; path = ScreenNode.swift; sourceTree = "<group>"; };
		A3820D9429E5B4F400993406 /* HomeScreenNode.swift */ = {isa = PBXFileReference; lastKnownFileType = sourcecode.swift; path = HomeScreenNode.swift; sourceTree = "<group>"; };
		A3820D9629E5B4FD00993406 /* HomeViewModel.swift */ = {isa = PBXFileReference; lastKnownFileType = sourcecode.swift; path = HomeViewModel.swift; sourceTree = "<group>"; };
		A3820D9929E5B53100993406 /* SearchScreenNode.swift */ = {isa = PBXFileReference; lastKnownFileType = sourcecode.swift; path = SearchScreenNode.swift; sourceTree = "<group>"; };
		A3820D9B29E5B53E00993406 /* SearchViewModel.swift */ = {isa = PBXFileReference; lastKnownFileType = sourcecode.swift; path = SearchViewModel.swift; sourceTree = "<group>"; };
		A3820D9D29E5B83000993406 /* MainTabBarController.swift */ = {isa = PBXFileReference; lastKnownFileType = sourcecode.swift; path = MainTabBarController.swift; sourceTree = "<group>"; };
		A3820D9F29E5BB5400993406 /* NSObject+Support.swift */ = {isa = PBXFileReference; lastKnownFileType = sourcecode.swift; path = "NSObject+Support.swift"; sourceTree = "<group>"; };
		A3820DA129E5BB8C00993406 /* UIViewController+Support.swift */ = {isa = PBXFileReference; lastKnownFileType = sourcecode.swift; path = "UIViewController+Support.swift"; sourceTree = "<group>"; };
		A3820DA329E5BC6D00993406 /* UITabBar+Support.swift */ = {isa = PBXFileReference; lastKnownFileType = sourcecode.swift; path = "UITabBar+Support.swift"; sourceTree = "<group>"; };
		A3820DA729E5BD8F00993406 /* VATheme+Support.swift */ = {isa = PBXFileReference; lastKnownFileType = sourcecode.swift; path = "VATheme+Support.swift"; sourceTree = "<group>"; };
		A3820DA929E5C30A00993406 /* CellViewModel.swift */ = {isa = PBXFileReference; lastKnownFileType = sourcecode.swift; path = CellViewModel.swift; sourceTree = "<group>"; };
		A3820DAB29E5C38C00993406 /* SearchSectionHeaderNode.swift */ = {isa = PBXFileReference; lastKnownFileType = sourcecode.swift; path = SearchSectionHeaderNode.swift; sourceTree = "<group>"; };
		A3820DAD29E5C47D00993406 /* SearchTrendingMovieCellNode.swift */ = {isa = PBXFileReference; lastKnownFileType = sourcecode.swift; path = SearchTrendingMovieCellNode.swift; sourceTree = "<group>"; };
		A3820DB029E5CAE500993406 /* NetworkRequestMethod.swift */ = {isa = PBXFileReference; lastKnownFileType = sourcecode.swift; path = NetworkRequestMethod.swift; sourceTree = "<group>"; };
		A3820DB229E5CB0400993406 /* NetworkResponseParser.swift */ = {isa = PBXFileReference; lastKnownFileType = sourcecode.swift; path = NetworkResponseParser.swift; sourceTree = "<group>"; };
		A3820DB429E5CB3F00993406 /* NetworkError.swift */ = {isa = PBXFileReference; lastKnownFileType = sourcecode.swift; path = NetworkError.swift; sourceTree = "<group>"; };
		A383D32229E95A1800ED3BCB /* README.md */ = {isa = PBXFileReference; fileEncoding = 4; lastKnownFileType = net.daringfireball.markdown; path = README.md; sourceTree = SOURCE_ROOT; };
		A383D32429E95F8E00ED3BCB /* SearchMovieCellNode.swift */ = {isa = PBXFileReference; lastKnownFileType = sourcecode.swift; path = SearchMovieCellNode.swift; sourceTree = "<group>"; };
		A38863982BA44EA000FC05FD /* CollectionTests.swift */ = {isa = PBXFileReference; lastKnownFileType = sourcecode.swift; path = CollectionTests.swift; sourceTree = "<group>"; };
		A39898162A04EBB800CC7CC8 /* HomeSectionHeaderNode.swift */ = {isa = PBXFileReference; lastKnownFileType = sourcecode.swift; path = HomeSectionHeaderNode.swift; sourceTree = "<group>"; };
		A398982B2A050DF300CC7CC8 /* HomeCellNode.swift */ = {isa = PBXFileReference; lastKnownFileType = sourcecode.swift; path = HomeCellNode.swift; sourceTree = "<group>"; };
		A3C743002B1CF8730050211E /* Umbrella.swift */ = {isa = PBXFileReference; lastKnownFileType = sourcecode.swift; path = Umbrella.swift; sourceTree = "<group>"; };
		A3F008C42B19F0230083927F /* NavigationIdentity+Movies.swift */ = {isa = PBXFileReference; lastKnownFileType = sourcecode.swift; path = "NavigationIdentity+Movies.swift"; sourceTree = "<group>"; };
		A3F008CB2B19F79B0083927F /* ActorDetailsScreenNode.swift */ = {isa = PBXFileReference; lastKnownFileType = sourcecode.swift; path = ActorDetailsScreenNode.swift; sourceTree = "<group>"; };
		A3F008CD2B1A23E10083927F /* Responder+Movies.swift */ = {isa = PBXFileReference; lastKnownFileType = sourcecode.swift; path = "Responder+Movies.swift"; sourceTree = "<group>"; };
		A3F69EF129EB23EA002929C1 /* NetworkPathTests.swift */ = {isa = PBXFileReference; lastKnownFileType = sourcecode.swift; path = NetworkPathTests.swift; sourceTree = "<group>"; };
		A3F69EF329EB3A74002929C1 /* ActorsSliderCellNodeTests.swift */ = {isa = PBXFileReference; lastKnownFileType = sourcecode.swift; path = ActorsSliderCellNodeTests.swift; sourceTree = "<group>"; };
		A3F69EF529EB3C20002929C1 /* GenresTagsCellNodeTests.swift */ = {isa = PBXFileReference; lastKnownFileType = sourcecode.swift; path = GenresTagsCellNodeTests.swift; sourceTree = "<group>"; };
		A3F69EF729EB3ECC002929C1 /* MoviesSliderCellNodeTests.swift */ = {isa = PBXFileReference; lastKnownFileType = sourcecode.swift; path = MoviesSliderCellNodeTests.swift; sourceTree = "<group>"; };
		A3F69EF929EB3F6E002929C1 /* ShimmerCellNodeTests.swift */ = {isa = PBXFileReference; lastKnownFileType = sourcecode.swift; path = ShimmerCellNodeTests.swift; sourceTree = "<group>"; };
		A3F69EFB29EB40CF002929C1 /* MovieDetailsTitleCellNodeTests.swift */ = {isa = PBXFileReference; lastKnownFileType = sourcecode.swift; path = MovieDetailsTitleCellNodeTests.swift; sourceTree = "<group>"; };
		A3F69EFD29EB4233002929C1 /* MovieDetailsTrailerCellNodeTests.swift */ = {isa = PBXFileReference; lastKnownFileType = sourcecode.swift; path = MovieDetailsTrailerCellNodeTests.swift; sourceTree = "<group>"; };
		A3F69EFF29EB4266002929C1 /* MovieDetailsDescriptionCellNodeTests.swift */ = {isa = PBXFileReference; lastKnownFileType = sourcecode.swift; path = MovieDetailsDescriptionCellNodeTests.swift; sourceTree = "<group>"; };
		A3F69F0229EBD047002929C1 /* StringTests.swift */ = {isa = PBXFileReference; lastKnownFileType = sourcecode.swift; path = StringTests.swift; sourceTree = "<group>"; };
		A3F69F0629EBD1C5002929C1 /* DateTests.swift */ = {isa = PBXFileReference; lastKnownFileType = sourcecode.swift; path = DateTests.swift; sourceTree = "<group>"; };
		A3F69F0929EBD748002929C1 /* SearchScreenTests.swift */ = {isa = PBXFileReference; lastKnownFileType = sourcecode.swift; path = SearchScreenTests.swift; sourceTree = "<group>"; };
		A3F69F0B29EBE322002929C1 /* MovieDetailsScreenTests.swift */ = {isa = PBXFileReference; lastKnownFileType = sourcecode.swift; path = MovieDetailsScreenTests.swift; sourceTree = "<group>"; };
		A3FC64AA29E86083005A8D7B /* SearchBarNode.swift */ = {isa = PBXFileReference; lastKnownFileType = sourcecode.swift; path = SearchBarNode.swift; sourceTree = "<group>"; };
		B298CC75D66A7F3F843BB7A3 /* Pods-MoviesExample.release.xcconfig */ = {isa = PBXFileReference; includeInIndex = 1; lastKnownFileType = text.xcconfig; name = "Pods-MoviesExample.release.xcconfig"; path = "Target Support Files/Pods-MoviesExample/Pods-MoviesExample.release.xcconfig"; sourceTree = "<group>"; };
		B3DD4F6D4DBA82A013CDA698 /* libPods-MoviesExampleSnapshotTests.a */ = {isa = PBXFileReference; explicitFileType = archive.ar; includeInIndex = 0; path = "libPods-MoviesExampleSnapshotTests.a"; sourceTree = BUILT_PRODUCTS_DIR; };
		CF5D19035A7A68A1B54D0EFE /* Pods-MoviesExampleSnapshotTests.release.xcconfig */ = {isa = PBXFileReference; includeInIndex = 1; lastKnownFileType = text.xcconfig; name = "Pods-MoviesExampleSnapshotTests.release.xcconfig"; path = "Target Support Files/Pods-MoviesExampleSnapshotTests/Pods-MoviesExampleSnapshotTests.release.xcconfig"; sourceTree = "<group>"; };
		EE26A2941463159B8880D8C4 /* Pods-MoviesTests.release.xcconfig */ = {isa = PBXFileReference; includeInIndex = 1; lastKnownFileType = text.xcconfig; name = "Pods-MoviesTests.release.xcconfig"; path = "Target Support Files/Pods-MoviesTests/Pods-MoviesTests.release.xcconfig"; sourceTree = "<group>"; };
/* End PBXFileReference section */

/* Begin PBXFrameworksBuildPhase section */
		A368635F29EAB57B006B00FD /* Frameworks */ = {
			isa = PBXFrameworksBuildPhase;
			buildActionMask = 2147483647;
			files = (
				D6ECE01D8744F980877B5981 /* libPods-MoviesTests.a in Frameworks */,
			);
			runOnlyForDeploymentPostprocessing = 0;
		};
		A368637329EAB6EA006B00FD /* Frameworks */ = {
			isa = PBXFrameworksBuildPhase;
			buildActionMask = 2147483647;
			files = (
				A368638129EAB72A006B00FD /* SnapshotTesting in Frameworks */,
				A1ACC7CB5E47EAD98EF35E92 /* libPods-MoviesSnapshotTests.a in Frameworks */,
			);
			runOnlyForDeploymentPostprocessing = 0;
		};
		A3820D3829E59A3000993406 /* Frameworks */ = {
			isa = PBXFrameworksBuildPhase;
			buildActionMask = 2147483647;
			files = (
				29EB1E5C82CF450D76A52223 /* libPods-MoviesExample.a in Frameworks */,
			);
			runOnlyForDeploymentPostprocessing = 0;
		};
/* End PBXFrameworksBuildPhase section */

/* Begin PBXGroup section */
		313207D42C5F9185B5AC315A /* Frameworks */ = {
			isa = PBXGroup;
			children = (
				3E5ED45D09E3D7E97DA2CC22 /* libPods-MoviesExample.a */,
				B3DD4F6D4DBA82A013CDA698 /* libPods-MoviesExampleSnapshotTests.a */,
				69ECC951B8F3CAF4613ABF99 /* libPods-MoviesExampleTests.a */,
				3134556A3ABF61278A8C8FBF /* libPods-MoviesTests.a */,
				0629BB40FF0FA75E5FE33790 /* libPods-MoviesSnapshotTests.a */,
			);
			name = Frameworks;
			sourceTree = "<group>";
		};
		A31F889529E9C4B40077296B /* Search */ = {
			isa = PBXGroup;
			children = (
				A368638A29EAD2F3006B00FD /* SearchMovieCellNodeTests.swift */,
				A368638C29EAD35C006B00FD /* SearchSectionHeaderNodeTests.swift */,
				A31F88A329EA97FA0077296B /* SearchTrendingMovieCellNodeTests.swift */,
			);
			path = Search;
			sourceTree = "<group>";
		};
		A31F889629E9C6440077296B /* MovieDetails */ = {
			isa = PBXGroup;
			children = (
				A3F69EFB29EB40CF002929C1 /* MovieDetailsTitleCellNodeTests.swift */,
				A3F69EFD29EB4233002929C1 /* MovieDetailsTrailerCellNodeTests.swift */,
				A3F69EFF29EB4266002929C1 /* MovieDetailsDescriptionCellNodeTests.swift */,
			);
			path = MovieDetails;
			sourceTree = "<group>";
		};
		A333E6CE29E6CE0C00A5954F /* DataSource */ = {
			isa = PBXGroup;
			children = (
				A333E6D329E6CE5300A5954F /* Entities */,
				A333E6D229E6CE4000A5954F /* Remote */,
			);
			path = DataSource;
			sourceTree = "<group>";
		};
		A333E6CF29E6CE2400A5954F /* DTO */ = {
			isa = PBXGroup;
			children = (
				A357773529E81FA400093AB7 /* CastResponseDTO.swift */,
				A333E6D029E6CE3000A5954F /* ListMovieResponseDTO.swift */,
				A333E6E829E74BC900A5954F /* MovieResponseDTO.swift */,
				A333E6D629E6CE7E00A5954F /* ResponseWrappers.swift */,
			);
			path = DTO;
			sourceTree = "<group>";
		};
		A333E6D229E6CE4000A5954F /* Remote */ = {
			isa = PBXGroup;
			children = (
				A31F889729EA88E80077296B /* MoviesEndpontData.swift */,
				A333E6CC29E6CD8000A5954F /* RemoteDataSource.swift */,
				A333E6CF29E6CE2400A5954F /* DTO */,
			);
			path = Remote;
			sourceTree = "<group>";
		};
		A333E6D329E6CE5300A5954F /* Entities */ = {
			isa = PBXGroup;
			children = (
				A357773729E8205A00093AB7 /* ListActorEntity.swift */,
				A357772D29E8158F00093AB7 /* GenreEntity.swift */,
				A333E6D429E6CE5E00A5954F /* ListMovieEntity.swift */,
				A333E6EA29E74DA800A5954F /* MovieEntity.swift */,
			);
			path = Entities;
			sourceTree = "<group>";
		};
		A333E6D929E6D26000A5954F /* DesignSystem */ = {
			isa = PBXGroup;
			children = (
				A333E6DA29E6D28200A5954F /* Cell */,
				A333E6F729E7FD5000A5954F /* Node */,
			);
			path = DesignSystem;
			sourceTree = "<group>";
		};
		A333E6DA29E6D28200A5954F /* Cell */ = {
			isa = PBXGroup;
			children = (
				A357773929E8227200093AB7 /* ActorsSliderCellNode.swift */,
				A357772F29E8161400093AB7 /* GenresTagsCellNode.swift */,
				A398982B2A050DF300CC7CC8 /* HomeCellNode.swift */,
				A333E6ED29E7CA5000A5954F /* MoviesSliderCellNode.swift */,
				A333E6CA29E6BE7E00A5954F /* ShimmerCellNode.swift */,
			);
			path = Cell;
			sourceTree = "<group>";
		};
		A333E6E129E741E000A5954F /* MovieDetails */ = {
			isa = PBXGroup;
			children = (
				A333E6E229E741F500A5954F /* MovieDetailsScreenNode.swift */,
				A333E6E429E7420100A5954F /* MovieDetailsViewModel.swift */,
				A333E6F529E7FC3600A5954F /* MovieDetailsTitleCellNode.swift */,
				A333E6FC29E803C900A5954F /* MovieDetailsTrailerCellNode.swift */,
				A357773129E8187900093AB7 /* MovieDetailsDescriptionCellNode.swift */,
			);
			path = MovieDetails;
			sourceTree = "<group>";
		};
		A333E6F729E7FD5000A5954F /* Node */ = {
			isa = PBXGroup;
			children = (
				A357773F29E82ECC00093AB7 /* ActorCardNode.swift */,
				A357773329E8196700093AB7 /* GenreTagNode.swift */,
				A333E6F329E7EE9600A5954F /* MovieCardNode.swift */,
				A333E6F829E7FD5900A5954F /* RatingNode.swift */,
				A3FC64AA29E86083005A8D7B /* SearchBarNode.swift */,
			);
			path = Node;
			sourceTree = "<group>";
		};
		A368636329EAB57C006B00FD /* MoviesTests */ = {
			isa = PBXGroup;
			children = (
				A3F69F0129EBD03B002929C1 /* Extensions */,
				A368639A29EAF346006B00FD /* Network */,
				A368636C29EAB63D006B00FD /* Supporting Files */,
			);
			path = MoviesTests;
			sourceTree = "<group>";
		};
		A368636C29EAB63D006B00FD /* Supporting Files */ = {
			isa = PBXGroup;
			children = (
				A31F889B29EA92D60077296B /* Support.swift */,
				A31F88B129EAA7DC0077296B /* test_cover.jpg */,
				A31F88B029EAA7DC0077296B /* test_poster.jpg */,
			);
			name = "Supporting Files";
			sourceTree = "<group>";
		};
		A368637729EAB6EA006B00FD /* MoviesSnapshotTests */ = {
			isa = PBXGroup;
			children = (
				A368638E29EAD457006B00FD /* General */,
				A31F889629E9C6440077296B /* MovieDetails */,
				A3F69F0829EBD733002929C1 /* Screens */,
				A31F889529E9C4B40077296B /* Search */,
				A368638629EAB753006B00FD /* Supporting Files */,
			);
			path = MoviesSnapshotTests;
			sourceTree = "<group>";
		};
		A368638629EAB753006B00FD /* Supporting Files */ = {
			isa = PBXGroup;
			children = (
				A31F88A029EA93400077296B /* Support+Snapshots.swift */,
			);
			name = "Supporting Files";
			sourceTree = "<group>";
		};
		A368638E29EAD457006B00FD /* General */ = {
			isa = PBXGroup;
			children = (
				A368639129EAD59D006B00FD /* ActorCardNodeTests.swift */,
				A3F69EF329EB3A74002929C1 /* ActorsSliderCellNodeTests.swift */,
				A3F69EF529EB3C20002929C1 /* GenresTagsCellNodeTests.swift */,
				A368639329EAD6D7006B00FD /* GenreTagNodeTests.swift */,
				A368639529EAD7D0006B00FD /* MovieCardNodeTests.swift */,
				A3F69EF729EB3ECC002929C1 /* MoviesSliderCellNodeTests.swift */,
				A368639729EAD878006B00FD /* RatingNodeTests.swift */,
				A3F69EF929EB3F6E002929C1 /* ShimmerCellNodeTests.swift */,
			);
			path = General;
			sourceTree = "<group>";
		};
		A368639A29EAF346006B00FD /* Network */ = {
			isa = PBXGroup;
			children = (
				A368639F29EAF57B006B00FD /* NetworkErrorTests.swift */,
				A368639B29EAF385006B00FD /* NetworkHeadersTests.swift */,
				A3F69EF129EB23EA002929C1 /* NetworkPathTests.swift */,
				A368639D29EAF434006B00FD /* NetworkResponseParserTests.swift */,
				A36863A329EAF707006B00FD /* NetworkTests.swift */,
			);
			path = Network;
			sourceTree = "<group>";
		};
		A3820D3229E59A3000993406 = {
			isa = PBXGroup;
			children = (
				A3820D3D29E59A3000993406 /* MoviesExample */,
				A368636329EAB57C006B00FD /* MoviesTests */,
				A368637729EAB6EA006B00FD /* MoviesSnapshotTests */,
				A3820D3C29E59A3000993406 /* Products */,
				B465811C2F6F514B9AF19C6B /* Pods */,
				313207D42C5F9185B5AC315A /* Frameworks */,
			);
			sourceTree = "<group>";
		};
		A3820D3C29E59A3000993406 /* Products */ = {
			isa = PBXGroup;
			children = (
				A3820D3B29E59A3000993406 /* MoviesExample.app */,
				A368636229EAB57B006B00FD /* MoviesTests.xctest */,
				A368637629EAB6EA006B00FD /* MoviesSnapshotTests.xctest */,
			);
			name = Products;
			sourceTree = "<group>";
		};
		A3820D3D29E59A3000993406 /* MoviesExample */ = {
			isa = PBXGroup;
			children = (
				A383D32229E95A1800ED3BCB /* README.md */,
				A333E6BD29E5E47800A5954F /* Config.xcconfig */,
				A3820D8029E5ACF000993406 /* App */,
				A3820D9229E5B4BD00993406 /* Screens */,
				A333E6D929E6D26000A5954F /* DesignSystem */,
				A333E6CE29E6CE0C00A5954F /* DataSource */,
				A3820D8629E5AEFD00993406 /* Extensions */,
				A3820D8129E5AD0300993406 /* General */,
				A3F008C12B19EFC30083927F /* Navigator */,
				A3820DAF29E5C99E00993406 /* Network */,
				A3820D8B29E5AF1E00993406 /* Protocols */,
				A3820D7229E59DC700993406 /* Resources */,
			);
			path = MoviesExample;
			sourceTree = "<group>";
		};
		A3820D7229E59DC700993406 /* Resources */ = {
			isa = PBXGroup;
			children = (
				A3820D7329E59DE200993406 /* R.generated.swift */,
				A3820D4C29E59A3100993406 /* Info.plist */,
				A3820D4929E59A3100993406 /* LaunchScreen.storyboard */,
				A3820D4729E59A3100993406 /* Assets.xcassets */,
				A333E6FA29E7FE1200A5954F /* Localizable.strings */,
			);
			name = Resources;
			sourceTree = "<group>";
		};
		A3820D8029E5ACF000993406 /* App */ = {
			isa = PBXGroup;
			children = (
				A3820D3E29E59A3000993406 /* AppDelegate.swift */,
				A3820D7529E5A1E700993406 /* CompositionRoot.swift */,
				A3820D7929E5A40A00993406 /* Environment.swift */,
				A3820D7729E5A32F00993406 /* ScreenFactory.swift */,
			);
			path = App;
			sourceTree = "<group>";
		};
		A3820D8129E5AD0300993406 /* General */ = {
			isa = PBXGroup;
			children = (
				A3820DA929E5C30A00993406 /* CellViewModel.swift */,
				A3820D9029E5B39A00993406 /* ScreenNode.swift */,
				A333E6C829E6B4B900A5954F /* EventViewModel.swift */,
				A333E6E629E74AE700A5954F /* Id.swift */,
				A3820D8429E5AE2500993406 /* Log.swift */,
				A3820D9D29E5B83000993406 /* MainTabBarController.swift */,
				A3820D7D29E5A82900993406 /* NavigationController.swift */,
				A3820D8C29E5AF6A00993406 /* Shortcuts.swift */,
				A3820D8E29E5B20600993406 /* ViewController.swift */,
				A333E6C629E6B4A500A5954F /* ViewModel.swift */,
			);
			path = General;
			sourceTree = "<group>";
		};
		A3820D8629E5AEFD00993406 /* Extensions */ = {
			isa = PBXGroup;
			children = (
				A333E6B929E5D0B100A5954F /* Date+Support.swift */,
				A333E6B729E5D08500A5954F /* DateFormatter+Support.swift */,
				A3820D9F29E5BB5400993406 /* NSObject+Support.swift */,
				A333E6EF29E7D63C00A5954F /* String+Support.swift */,
				A3820D8929E5AF1200993406 /* Task+Support.swift */,
				A3820DA329E5BC6D00993406 /* UITabBar+Support.swift */,
				A3820DA129E5BB8C00993406 /* UIViewController+Support.swift */,
				A3C743002B1CF8730050211E /* Umbrella.swift */,
				A3820DA729E5BD8F00993406 /* VATheme+Support.swift */,
			);
			path = Extensions;
			sourceTree = "<group>";
		};
		A3820D8B29E5AF1E00993406 /* Protocols */ = {
			isa = PBXGroup;
			children = (
				A333E6DF29E7334600A5954F /* ControllerNode.swift */,
			);
			path = Protocols;
			sourceTree = "<group>";
		};
		A3820D9229E5B4BD00993406 /* Screens */ = {
			isa = PBXGroup;
			children = (
				A3820D9829E5B52400993406 /* Search */,
				A3820D9329E5B4D500993406 /* Home */,
				A333E6E129E741E000A5954F /* MovieDetails */,
				A3F008CA2B19F7860083927F /* ActorDetails */,
			);
			path = Screens;
			sourceTree = "<group>";
		};
		A3820D9329E5B4D500993406 /* Home */ = {
			isa = PBXGroup;
			children = (
				A3820D9429E5B4F400993406 /* HomeScreenNode.swift */,
				A3820D9629E5B4FD00993406 /* HomeViewModel.swift */,
				A39898162A04EBB800CC7CC8 /* HomeSectionHeaderNode.swift */,
			);
			path = Home;
			sourceTree = "<group>";
		};
		A3820D9829E5B52400993406 /* Search */ = {
			isa = PBXGroup;
			children = (
				A3820D9929E5B53100993406 /* SearchScreenNode.swift */,
				A3820D9B29E5B53E00993406 /* SearchViewModel.swift */,
				A3820DAB29E5C38C00993406 /* SearchSectionHeaderNode.swift */,
				A3820DAD29E5C47D00993406 /* SearchTrendingMovieCellNode.swift */,
				A383D32429E95F8E00ED3BCB /* SearchMovieCellNode.swift */,
			);
			path = Search;
			sourceTree = "<group>";
		};
		A3820DAF29E5C99E00993406 /* Network */ = {
			isa = PBXGroup;
			children = (
				A333E6B129E5CE6000A5954F /* Network.swift */,
				A333E6B329E5CF1E00A5954F /* NetworkEndpointData.swift */,
				A3820DB429E5CB3F00993406 /* NetworkError.swift */,
				A333E6AB29E5CC9800A5954F /* NetworkHeaders.swift */,
				A333E6B529E5D06000A5954F /* NetworkLogger.swift */,
				A333E6AD29E5CD9300A5954F /* NetworkPath.swift */,
				A333E6DB29E6D57500A5954F /* NetworkQuery.swift */,
				A3820DB029E5CAE500993406 /* NetworkRequestMethod.swift */,
				A3820DB229E5CB0400993406 /* NetworkResponseParser.swift */,
				A333E6BB29E5D38700A5954F /* Observable+Network.swift */,
				A333E6AF29E5CDCF00A5954F /* ReachabilityService.swift */,
			);
			path = Network;
			sourceTree = "<group>";
		};
		A3F008C12B19EFC30083927F /* Navigator */ = {
			isa = PBXGroup;
			children = (
				A3F008C42B19F0230083927F /* NavigationIdentity+Movies.swift */,
				A3F008CD2B1A23E10083927F /* Responder+Movies.swift */,
			);
			path = Navigator;
			sourceTree = "<group>";
		};
		A3F008CA2B19F7860083927F /* ActorDetails */ = {
			isa = PBXGroup;
			children = (
				A3F008CB2B19F79B0083927F /* ActorDetailsScreenNode.swift */,
			);
			path = ActorDetails;
			sourceTree = "<group>";
		};
		A3F69F0129EBD03B002929C1 /* Extensions */ = {
			isa = PBXGroup;
			children = (
				A38863982BA44EA000FC05FD /* CollectionTests.swift */,
				A3F69F0629EBD1C5002929C1 /* DateTests.swift */,
				A3F69F0229EBD047002929C1 /* StringTests.swift */,
			);
			path = Extensions;
			sourceTree = "<group>";
		};
		A3F69F0829EBD733002929C1 /* Screens */ = {
			isa = PBXGroup;
			children = (
				A3F69F0B29EBE322002929C1 /* MovieDetailsScreenTests.swift */,
				A3F69F0929EBD748002929C1 /* SearchScreenTests.swift */,
			);
			path = Screens;
			sourceTree = "<group>";
		};
		B465811C2F6F514B9AF19C6B /* Pods */ = {
			isa = PBXGroup;
			children = (
				747627F9F0AA05268A55878D /* Pods-MoviesExample.debug.xcconfig */,
				B298CC75D66A7F3F843BB7A3 /* Pods-MoviesExample.release.xcconfig */,
				4531DBEFA104173978790132 /* Pods-MoviesExampleSnapshotTests.debug.xcconfig */,
				CF5D19035A7A68A1B54D0EFE /* Pods-MoviesExampleSnapshotTests.release.xcconfig */,
				2FDD8DC56F47F4A13739C429 /* Pods-MoviesExampleTests.debug.xcconfig */,
				223E55779155786DB58F05F4 /* Pods-MoviesExampleTests.release.xcconfig */,
				343BC864AF26CB65BCEC3A27 /* Pods-MoviesTests.debug.xcconfig */,
				EE26A2941463159B8880D8C4 /* Pods-MoviesTests.release.xcconfig */,
				2856BBF6FC1A0CBF1DA00536 /* Pods-MoviesSnapshotTests.debug.xcconfig */,
				9D2BEB870E758CEEF7C3FF58 /* Pods-MoviesSnapshotTests.release.xcconfig */,
			);
			path = Pods;
			sourceTree = "<group>";
		};
/* End PBXGroup section */

/* Begin PBXNativeTarget section */
		A368636129EAB57B006B00FD /* MoviesTests */ = {
			isa = PBXNativeTarget;
			buildConfigurationList = A368636829EAB57C006B00FD /* Build configuration list for PBXNativeTarget "MoviesTests" */;
			buildPhases = (
				8E8ABB1617EBA1A0E59031D8 /* [CP] Check Pods Manifest.lock */,
				A368635E29EAB57B006B00FD /* Sources */,
				A368635F29EAB57B006B00FD /* Frameworks */,
				A368636029EAB57B006B00FD /* Resources */,
			);
			buildRules = (
			);
			dependencies = (
				A368636729EAB57C006B00FD /* PBXTargetDependency */,
			);
			name = MoviesTests;
			productName = MoviesTests;
			productReference = A368636229EAB57B006B00FD /* MoviesTests.xctest */;
			productType = "com.apple.product-type.bundle.unit-test";
		};
		A368637529EAB6EA006B00FD /* MoviesSnapshotTests */ = {
			isa = PBXNativeTarget;
			buildConfigurationList = A368637C29EAB6EA006B00FD /* Build configuration list for PBXNativeTarget "MoviesSnapshotTests" */;
			buildPhases = (
				21D357EF91E1268C1E2CDD90 /* [CP] Check Pods Manifest.lock */,
				A368637229EAB6EA006B00FD /* Sources */,
				A368637329EAB6EA006B00FD /* Frameworks */,
				A368637429EAB6EA006B00FD /* Resources */,
			);
			buildRules = (
			);
			dependencies = (
				A368637B29EAB6EA006B00FD /* PBXTargetDependency */,
			);
			name = MoviesSnapshotTests;
			packageProductDependencies = (
				A368638029EAB72A006B00FD /* SnapshotTesting */,
			);
			productName = MoviesSnapshotTests;
			productReference = A368637629EAB6EA006B00FD /* MoviesSnapshotTests.xctest */;
			productType = "com.apple.product-type.bundle.unit-test";
		};
		A3820D3A29E59A3000993406 /* MoviesExample */ = {
			isa = PBXNativeTarget;
			buildConfigurationList = A3820D6529E59A3100993406 /* Build configuration list for PBXNativeTarget "MoviesExample" */;
			buildPhases = (
				3AACFC62975619CCF1B15C80 /* [CP] Check Pods Manifest.lock */,
				A3820D6F29E59BA300993406 /* R.swift */,
				A3820D6E29E59B8100993406 /* SwiftLint */,
				A3820D3729E59A3000993406 /* Sources */,
				A3820D3829E59A3000993406 /* Frameworks */,
				A3820D3929E59A3000993406 /* Resources */,
				86E348E3F065C8A2F0F31B35 /* [CP] Copy Pods Resources */,
			);
			buildRules = (
			);
			dependencies = (
			);
			name = MoviesExample;
			productName = MoviesExample;
			productReference = A3820D3B29E59A3000993406 /* MoviesExample.app */;
			productType = "com.apple.product-type.application";
		};
/* End PBXNativeTarget section */

/* Begin PBXProject section */
		A3820D3329E59A3000993406 /* Project object */ = {
			isa = PBXProject;
			attributes = {
				BuildIndependentTargetsInParallel = 1;
				LastSwiftUpdateCheck = 1430;
				LastUpgradeCheck = 1420;
				ORGANIZATIONNAME = "Volodymyr Andriienko";
				TargetAttributes = {
					A368636129EAB57B006B00FD = {
						CreatedOnToolsVersion = 14.3;
						TestTargetID = A3820D3A29E59A3000993406;
					};
					A368637529EAB6EA006B00FD = {
						CreatedOnToolsVersion = 14.3;
						TestTargetID = A3820D3A29E59A3000993406;
					};
					A3820D3A29E59A3000993406 = {
						CreatedOnToolsVersion = 14.2;
					};
				};
			};
			buildConfigurationList = A3820D3629E59A3000993406 /* Build configuration list for PBXProject "MoviesExample" */;
			compatibilityVersion = "Xcode 14.0";
			developmentRegion = en;
			hasScannedForEncodings = 0;
			knownRegions = (
				en,
				Base,
			);
			mainGroup = A3820D3229E59A3000993406;
			packageReferences = (
				A368637F29EAB72A006B00FD /* XCRemoteSwiftPackageReference "swift-snapshot-testing" */,
			);
			productRefGroup = A3820D3C29E59A3000993406 /* Products */;
			projectDirPath = "";
			projectRoot = "";
			targets = (
				A3820D3A29E59A3000993406 /* MoviesExample */,
				A368636129EAB57B006B00FD /* MoviesTests */,
				A368637529EAB6EA006B00FD /* MoviesSnapshotTests */,
			);
		};
/* End PBXProject section */

/* Begin PBXResourcesBuildPhase section */
		A368636029EAB57B006B00FD /* Resources */ = {
			isa = PBXResourcesBuildPhase;
			buildActionMask = 2147483647;
			files = (
				A368637029EAB660006B00FD /* test_poster.jpg in Resources */,
				A368636F29EAB65E006B00FD /* test_cover.jpg in Resources */,
			);
			runOnlyForDeploymentPostprocessing = 0;
		};
		A368637429EAB6EA006B00FD /* Resources */ = {
			isa = PBXResourcesBuildPhase;
			buildActionMask = 2147483647;
			files = (
				A368638329EAB73A006B00FD /* test_poster.jpg in Resources */,
				A368638229EAB738006B00FD /* test_cover.jpg in Resources */,
			);
			runOnlyForDeploymentPostprocessing = 0;
		};
		A3820D3929E59A3000993406 /* Resources */ = {
			isa = PBXResourcesBuildPhase;
			buildActionMask = 2147483647;
			files = (
				A3820D4B29E59A3100993406 /* LaunchScreen.storyboard in Resources */,
				A333E6FB29E7FE1200A5954F /* Localizable.strings in Resources */,
				A383D32329E95A1800ED3BCB /* README.md in Resources */,
				A3820D4829E59A3100993406 /* Assets.xcassets in Resources */,
			);
			runOnlyForDeploymentPostprocessing = 0;
		};
/* End PBXResourcesBuildPhase section */

/* Begin PBXShellScriptBuildPhase section */
		21D357EF91E1268C1E2CDD90 /* [CP] Check Pods Manifest.lock */ = {
			isa = PBXShellScriptBuildPhase;
			buildActionMask = 2147483647;
			files = (
			);
			inputFileListPaths = (
			);
			inputPaths = (
				"${PODS_PODFILE_DIR_PATH}/Podfile.lock",
				"${PODS_ROOT}/Manifest.lock",
			);
			name = "[CP] Check Pods Manifest.lock";
			outputFileListPaths = (
			);
			outputPaths = (
				"$(DERIVED_FILE_DIR)/Pods-MoviesSnapshotTests-checkManifestLockResult.txt",
			);
			runOnlyForDeploymentPostprocessing = 0;
			shellPath = /bin/sh;
			shellScript = "diff \"${PODS_PODFILE_DIR_PATH}/Podfile.lock\" \"${PODS_ROOT}/Manifest.lock\" > /dev/null\nif [ $? != 0 ] ; then\n    # print error to STDERR\n    echo \"error: The sandbox is not in sync with the Podfile.lock. Run 'pod install' or update your CocoaPods installation.\" >&2\n    exit 1\nfi\n# This output is used by Xcode 'outputs' to avoid re-running this script phase.\necho \"SUCCESS\" > \"${SCRIPT_OUTPUT_FILE_0}\"\n";
			showEnvVarsInLog = 0;
		};
		3AACFC62975619CCF1B15C80 /* [CP] Check Pods Manifest.lock */ = {
			isa = PBXShellScriptBuildPhase;
			buildActionMask = 2147483647;
			files = (
			);
			inputFileListPaths = (
			);
			inputPaths = (
				"${PODS_PODFILE_DIR_PATH}/Podfile.lock",
				"${PODS_ROOT}/Manifest.lock",
			);
			name = "[CP] Check Pods Manifest.lock";
			outputFileListPaths = (
			);
			outputPaths = (
				"$(DERIVED_FILE_DIR)/Pods-MoviesExample-checkManifestLockResult.txt",
			);
			runOnlyForDeploymentPostprocessing = 0;
			shellPath = /bin/sh;
			shellScript = "diff \"${PODS_PODFILE_DIR_PATH}/Podfile.lock\" \"${PODS_ROOT}/Manifest.lock\" > /dev/null\nif [ $? != 0 ] ; then\n    # print error to STDERR\n    echo \"error: The sandbox is not in sync with the Podfile.lock. Run 'pod install' or update your CocoaPods installation.\" >&2\n    exit 1\nfi\n# This output is used by Xcode 'outputs' to avoid re-running this script phase.\necho \"SUCCESS\" > \"${SCRIPT_OUTPUT_FILE_0}\"\n";
			showEnvVarsInLog = 0;
		};
		86E348E3F065C8A2F0F31B35 /* [CP] Copy Pods Resources */ = {
			isa = PBXShellScriptBuildPhase;
			buildActionMask = 2147483647;
			files = (
			);
			inputFileListPaths = (
				"${PODS_ROOT}/Target Support Files/Pods-MoviesExample/Pods-MoviesExample-resources-${CONFIGURATION}-input-files.xcfilelist",
			);
			name = "[CP] Copy Pods Resources";
			outputFileListPaths = (
				"${PODS_ROOT}/Target Support Files/Pods-MoviesExample/Pods-MoviesExample-resources-${CONFIGURATION}-output-files.xcfilelist",
			);
			runOnlyForDeploymentPostprocessing = 0;
			shellPath = /bin/sh;
			shellScript = "\"${PODS_ROOT}/Target Support Files/Pods-MoviesExample/Pods-MoviesExample-resources.sh\"\n";
			showEnvVarsInLog = 0;
		};
		8E8ABB1617EBA1A0E59031D8 /* [CP] Check Pods Manifest.lock */ = {
			isa = PBXShellScriptBuildPhase;
			buildActionMask = 2147483647;
			files = (
			);
			inputFileListPaths = (
			);
			inputPaths = (
				"${PODS_PODFILE_DIR_PATH}/Podfile.lock",
				"${PODS_ROOT}/Manifest.lock",
			);
			name = "[CP] Check Pods Manifest.lock";
			outputFileListPaths = (
			);
			outputPaths = (
				"$(DERIVED_FILE_DIR)/Pods-MoviesTests-checkManifestLockResult.txt",
			);
			runOnlyForDeploymentPostprocessing = 0;
			shellPath = /bin/sh;
			shellScript = "diff \"${PODS_PODFILE_DIR_PATH}/Podfile.lock\" \"${PODS_ROOT}/Manifest.lock\" > /dev/null\nif [ $? != 0 ] ; then\n    # print error to STDERR\n    echo \"error: The sandbox is not in sync with the Podfile.lock. Run 'pod install' or update your CocoaPods installation.\" >&2\n    exit 1\nfi\n# This output is used by Xcode 'outputs' to avoid re-running this script phase.\necho \"SUCCESS\" > \"${SCRIPT_OUTPUT_FILE_0}\"\n";
			showEnvVarsInLog = 0;
		};
		A3820D6E29E59B8100993406 /* SwiftLint */ = {
			isa = PBXShellScriptBuildPhase;
			alwaysOutOfDate = 1;
			buildActionMask = 2147483647;
			files = (
			);
			inputFileListPaths = (
			);
			inputPaths = (
			);
			name = SwiftLint;
			outputFileListPaths = (
			);
			outputPaths = (
			);
			runOnlyForDeploymentPostprocessing = 0;
			shellPath = /bin/sh;
			shellScript = "if [ \"${CONFIGURATION}\" = \"Debug\" ]; then\n  export PATH=\"$PATH:/opt/homebrew/bin\"\n\n  if which swiftlint >/dev/null; then\n    swiftlint\n  else\n    echo \"warning: SwiftLint not installed, download from https://github.com/realm/SwiftLint\"\n  fi\nfi\n";
		};
		A3820D6F29E59BA300993406 /* R.swift */ = {
			isa = PBXShellScriptBuildPhase;
			alwaysOutOfDate = 1;
			buildActionMask = 2147483647;
			files = (
			);
			inputFileListPaths = (
			);
			inputPaths = (
				"$TEMP_DIR/rswift-lastrun",
			);
			name = R.swift;
			outputFileListPaths = (
			);
			outputPaths = (
				$SRCROOT/R/R.generated.swift,
			);
			runOnlyForDeploymentPostprocessing = 0;
			shellPath = /bin/sh;
			shellScript = "if [ $ACTION != \"indexbuild\" ]; then\n  \"$PODS_ROOT/R.swift/rswift\" generate \"$SRCROOT/R/R.generated.swift\"\nfi\n";
		};
/* End PBXShellScriptBuildPhase section */

/* Begin PBXSourcesBuildPhase section */
		A368635E29EAB57B006B00FD /* Sources */ = {
			isa = PBXSourcesBuildPhase;
			buildActionMask = 2147483647;
			files = (
				A368636E29EAB647006B00FD /* Support.swift in Sources */,
				A38863992BA44EA000FC05FD /* CollectionTests.swift in Sources */,
				A3F69EF229EB23EA002929C1 /* NetworkPathTests.swift in Sources */,
				A36863A029EAF57B006B00FD /* NetworkErrorTests.swift in Sources */,
				A3F69F0329EBD047002929C1 /* StringTests.swift in Sources */,
				A3F69F0729EBD1C5002929C1 /* DateTests.swift in Sources */,
				A36863A429EAF707006B00FD /* NetworkTests.swift in Sources */,
				A368639C29EAF385006B00FD /* NetworkHeadersTests.swift in Sources */,
				A368639E29EAF434006B00FD /* NetworkResponseParserTests.swift in Sources */,
			);
			runOnlyForDeploymentPostprocessing = 0;
		};
		A368637229EAB6EA006B00FD /* Sources */ = {
			isa = PBXSourcesBuildPhase;
			buildActionMask = 2147483647;
			files = (
				A3F69F0029EB4266002929C1 /* MovieDetailsDescriptionCellNodeTests.swift in Sources */,
				A368638B29EAD2F3006B00FD /* SearchMovieCellNodeTests.swift in Sources */,
				A3F69EF829EB3ECC002929C1 /* MoviesSliderCellNodeTests.swift in Sources */,
				A3F69EFC29EB40CF002929C1 /* MovieDetailsTitleCellNodeTests.swift in Sources */,
				A368638429EAB743006B00FD /* Support.swift in Sources */,
				A3F69F0C29EBE322002929C1 /* MovieDetailsScreenTests.swift in Sources */,
				A368638729EAB781006B00FD /* SearchTrendingMovieCellNodeTests.swift in Sources */,
				A368639429EAD6D7006B00FD /* GenreTagNodeTests.swift in Sources */,
				A368638D29EAD35C006B00FD /* SearchSectionHeaderNodeTests.swift in Sources */,
				A3F69EF629EB3C20002929C1 /* GenresTagsCellNodeTests.swift in Sources */,
				A3F69EFA29EB3F6E002929C1 /* ShimmerCellNodeTests.swift in Sources */,
				A368638529EAB750006B00FD /* Support+Snapshots.swift in Sources */,
				A368639829EAD878006B00FD /* RatingNodeTests.swift in Sources */,
				A368639629EAD7D1006B00FD /* MovieCardNodeTests.swift in Sources */,
				A3F69EFE29EB4233002929C1 /* MovieDetailsTrailerCellNodeTests.swift in Sources */,
				A3F69F0A29EBD748002929C1 /* SearchScreenTests.swift in Sources */,
				A3F69EF429EB3A74002929C1 /* ActorsSliderCellNodeTests.swift in Sources */,
				A368639229EAD59D006B00FD /* ActorCardNodeTests.swift in Sources */,
			);
			runOnlyForDeploymentPostprocessing = 0;
		};
		A3820D3729E59A3000993406 /* Sources */ = {
			isa = PBXSourcesBuildPhase;
			buildActionMask = 2147483647;
			files = (
				A333E6E529E7420100A5954F /* MovieDetailsViewModel.swift in Sources */,
				A3820D8A29E5AF1200993406 /* Task+Support.swift in Sources */,
				A357773429E8196700093AB7 /* GenreTagNode.swift in Sources */,
				A333E6BC29E5D38700A5954F /* Observable+Network.swift in Sources */,
				A333E6D129E6CE3000A5954F /* ListMovieResponseDTO.swift in Sources */,
				A3820DB529E5CB3F00993406 /* NetworkError.swift in Sources */,
				A333E6CB29E6BE7E00A5954F /* ShimmerCellNode.swift in Sources */,
				A333E6F029E7D63C00A5954F /* String+Support.swift in Sources */,
				A333E6E929E74BC900A5954F /* MovieResponseDTO.swift in Sources */,
				A3820D3F29E59A3000993406 /* AppDelegate.swift in Sources */,
				A3820DAC29E5C38C00993406 /* SearchSectionHeaderNode.swift in Sources */,
				A3820DAE29E5C47D00993406 /* SearchTrendingMovieCellNode.swift in Sources */,
				A3820D7629E5A1E700993406 /* CompositionRoot.swift in Sources */,
				A31F889829EA88E80077296B /* MoviesEndpontData.swift in Sources */,
				A3820D9E29E5B83000993406 /* MainTabBarController.swift in Sources */,
				A3820D8529E5AE2500993406 /* Log.swift in Sources */,
				A333E6F629E7FC3600A5954F /* MovieDetailsTitleCellNode.swift in Sources */,
				A3F008CC2B19F79B0083927F /* ActorDetailsScreenNode.swift in Sources */,
				A3820D7829E5A32F00993406 /* ScreenFactory.swift in Sources */,
				A333E6F929E7FD5900A5954F /* RatingNode.swift in Sources */,
				A3820DA029E5BB5400993406 /* NSObject+Support.swift in Sources */,
				A3820D9729E5B4FD00993406 /* HomeViewModel.swift in Sources */,
				A3820D9129E5B39A00993406 /* ScreenNode.swift in Sources */,
				A357772E29E8158F00093AB7 /* GenreEntity.swift in Sources */,
				A333E6B429E5CF1E00A5954F /* NetworkEndpointData.swift in Sources */,
				A357773A29E8227200093AB7 /* ActorsSliderCellNode.swift in Sources */,
				A333E6C929E6B4B900A5954F /* EventViewModel.swift in Sources */,
				A3820D9A29E5B53100993406 /* SearchScreenNode.swift in Sources */,
				A3820D7429E59DE200993406 /* R.generated.swift in Sources */,
				A333E6BA29E5D0B100A5954F /* Date+Support.swift in Sources */,
				A3C743012B1CF8730050211E /* Umbrella.swift in Sources */,
				A333E6B829E5D08500A5954F /* DateFormatter+Support.swift in Sources */,
				A3820D8F29E5B20600993406 /* ViewController.swift in Sources */,
				A333E6E729E74AE700A5954F /* Id.swift in Sources */,
				A3820DB129E5CAE500993406 /* NetworkRequestMethod.swift in Sources */,
				A333E6EE29E7CA5000A5954F /* MoviesSliderCellNode.swift in Sources */,
				A398982C2A050DF300CC7CC8 /* HomeCellNode.swift in Sources */,
				A3820DA429E5BC6D00993406 /* UITabBar+Support.swift in Sources */,
				A333E6B229E5CE6000A5954F /* Network.swift in Sources */,
				A3820D7A29E5A40A00993406 /* Environment.swift in Sources */,
				A333E6AC29E5CC9800A5954F /* NetworkHeaders.swift in Sources */,
				A333E6E329E741F500A5954F /* MovieDetailsScreenNode.swift in Sources */,
				A357774029E82ECC00093AB7 /* ActorCardNode.swift in Sources */,
				A333E6DC29E6D57500A5954F /* NetworkQuery.swift in Sources */,
				A3820DB329E5CB0400993406 /* NetworkResponseParser.swift in Sources */,
				A3F008CE2B1A23E10083927F /* Responder+Movies.swift in Sources */,
				A333E6D529E6CE5E00A5954F /* ListMovieEntity.swift in Sources */,
				A333E6AE29E5CD9300A5954F /* NetworkPath.swift in Sources */,
				A357773829E8205A00093AB7 /* ListActorEntity.swift in Sources */,
				A3FC64AB29E86083005A8D7B /* SearchBarNode.swift in Sources */,
				A3820DA229E5BB8C00993406 /* UIViewController+Support.swift in Sources */,
				A333E6D729E6CE7E00A5954F /* ResponseWrappers.swift in Sources */,
				A333E6FD29E803C900A5954F /* MovieDetailsTrailerCellNode.swift in Sources */,
				A357773229E8187900093AB7 /* MovieDetailsDescriptionCellNode.swift in Sources */,
				A3820DA829E5BD8F00993406 /* VATheme+Support.swift in Sources */,
				A357773629E81FA400093AB7 /* CastResponseDTO.swift in Sources */,
				A333E6C729E6B4A500A5954F /* ViewModel.swift in Sources */,
				A383D32529E95F8E00ED3BCB /* SearchMovieCellNode.swift in Sources */,
				A3820D7E29E5A82900993406 /* NavigationController.swift in Sources */,
				A333E6EB29E74DA800A5954F /* MovieEntity.swift in Sources */,
				A3820D9C29E5B53E00993406 /* SearchViewModel.swift in Sources */,
				A333E6E029E7334600A5954F /* ControllerNode.swift in Sources */,
				A357773029E8161400093AB7 /* GenresTagsCellNode.swift in Sources */,
				A3820D9529E5B4F400993406 /* HomeScreenNode.swift in Sources */,
				A333E6F429E7EE9600A5954F /* MovieCardNode.swift in Sources */,
				A3820DAA29E5C30A00993406 /* CellViewModel.swift in Sources */,
				A3820D8D29E5AF6A00993406 /* Shortcuts.swift in Sources */,
				A333E6B629E5D06000A5954F /* NetworkLogger.swift in Sources */,
				A333E6B029E5CDCF00A5954F /* ReachabilityService.swift in Sources */,
				A3F008C52B19F0230083927F /* NavigationIdentity+Movies.swift in Sources */,
				A333E6CD29E6CD8000A5954F /* RemoteDataSource.swift in Sources */,
				A39898172A04EBB800CC7CC8 /* HomeSectionHeaderNode.swift in Sources */,
			);
			runOnlyForDeploymentPostprocessing = 0;
		};
/* End PBXSourcesBuildPhase section */

/* Begin PBXTargetDependency section */
		A368636729EAB57C006B00FD /* PBXTargetDependency */ = {
			isa = PBXTargetDependency;
			target = A3820D3A29E59A3000993406 /* MoviesExample */;
			targetProxy = A368636629EAB57C006B00FD /* PBXContainerItemProxy */;
		};
		A368637B29EAB6EA006B00FD /* PBXTargetDependency */ = {
			isa = PBXTargetDependency;
			target = A3820D3A29E59A3000993406 /* MoviesExample */;
			targetProxy = A368637A29EAB6EA006B00FD /* PBXContainerItemProxy */;
		};
/* End PBXTargetDependency section */

/* Begin PBXVariantGroup section */
		A3820D4929E59A3100993406 /* LaunchScreen.storyboard */ = {
			isa = PBXVariantGroup;
			children = (
				A3820D4A29E59A3100993406 /* Base */,
			);
			name = LaunchScreen.storyboard;
			sourceTree = "<group>";
		};
/* End PBXVariantGroup section */

/* Begin XCBuildConfiguration section */
		A368636929EAB57C006B00FD /* Debug */ = {
			isa = XCBuildConfiguration;
			baseConfigurationReference = 343BC864AF26CB65BCEC3A27 /* Pods-MoviesTests.debug.xcconfig */;
			buildSettings = {
				BUNDLE_LOADER = "$(TEST_HOST)";
				CODE_SIGN_STYLE = Automatic;
				CURRENT_PROJECT_VERSION = 1;
				GENERATE_INFOPLIST_FILE = YES;
				IPHONEOS_DEPLOYMENT_TARGET = 16.4;
				MARKETING_VERSION = 1.0;
				PRODUCT_BUNDLE_IDENTIFIER = com.vandrj.MoviesTests;
				PRODUCT_NAME = "$(TARGET_NAME)";
				SUPPORTED_PLATFORMS = "iphoneos iphonesimulator";
				SUPPORTS_MACCATALYST = NO;
				SUPPORTS_MAC_DESIGNED_FOR_IPHONE_IPAD = YES;
				SWIFT_EMIT_LOC_STRINGS = NO;
				SWIFT_STRICT_CONCURRENCY = targeted;
				SWIFT_VERSION = 5.0;
				TARGETED_DEVICE_FAMILY = 1;
				TEST_HOST = "$(BUILT_PRODUCTS_DIR)/MoviesExample.app/$(BUNDLE_EXECUTABLE_FOLDER_PATH)/MoviesExample";
			};
			name = Debug;
		};
		A368636A29EAB57C006B00FD /* Release */ = {
			isa = XCBuildConfiguration;
			baseConfigurationReference = EE26A2941463159B8880D8C4 /* Pods-MoviesTests.release.xcconfig */;
			buildSettings = {
				BUNDLE_LOADER = "$(TEST_HOST)";
				CODE_SIGN_STYLE = Automatic;
				CURRENT_PROJECT_VERSION = 1;
				GENERATE_INFOPLIST_FILE = YES;
				IPHONEOS_DEPLOYMENT_TARGET = 16.4;
				MARKETING_VERSION = 1.0;
				PRODUCT_BUNDLE_IDENTIFIER = com.vandrj.MoviesTests;
				PRODUCT_NAME = "$(TARGET_NAME)";
				SUPPORTED_PLATFORMS = "iphoneos iphonesimulator";
				SUPPORTS_MACCATALYST = NO;
				SUPPORTS_MAC_DESIGNED_FOR_IPHONE_IPAD = YES;
				SWIFT_EMIT_LOC_STRINGS = NO;
				SWIFT_STRICT_CONCURRENCY = targeted;
				SWIFT_VERSION = 5.0;
				TARGETED_DEVICE_FAMILY = 1;
				TEST_HOST = "$(BUILT_PRODUCTS_DIR)/MoviesExample.app/$(BUNDLE_EXECUTABLE_FOLDER_PATH)/MoviesExample";
			};
			name = Release;
		};
		A368637D29EAB6EA006B00FD /* Debug */ = {
			isa = XCBuildConfiguration;
			baseConfigurationReference = 2856BBF6FC1A0CBF1DA00536 /* Pods-MoviesSnapshotTests.debug.xcconfig */;
			buildSettings = {
				BUNDLE_LOADER = "$(TEST_HOST)";
				CODE_SIGN_STYLE = Automatic;
				CURRENT_PROJECT_VERSION = 1;
				GENERATE_INFOPLIST_FILE = YES;
				IPHONEOS_DEPLOYMENT_TARGET = 16.4;
				MARKETING_VERSION = 1.0;
				PRODUCT_BUNDLE_IDENTIFIER = com.vandrj.MoviesSnapshotTests;
				PRODUCT_NAME = "$(TARGET_NAME)";
				SUPPORTED_PLATFORMS = "iphoneos iphonesimulator";
				SUPPORTS_MACCATALYST = NO;
				SUPPORTS_MAC_DESIGNED_FOR_IPHONE_IPAD = YES;
				SWIFT_EMIT_LOC_STRINGS = NO;
				SWIFT_STRICT_CONCURRENCY = targeted;
				SWIFT_VERSION = 5.0;
				TARGETED_DEVICE_FAMILY = 1;
				TEST_HOST = "$(BUILT_PRODUCTS_DIR)/MoviesExample.app/$(BUNDLE_EXECUTABLE_FOLDER_PATH)/MoviesExample";
			};
			name = Debug;
		};
		A368637E29EAB6EA006B00FD /* Release */ = {
			isa = XCBuildConfiguration;
			baseConfigurationReference = 9D2BEB870E758CEEF7C3FF58 /* Pods-MoviesSnapshotTests.release.xcconfig */;
			buildSettings = {
				BUNDLE_LOADER = "$(TEST_HOST)";
				CODE_SIGN_STYLE = Automatic;
				CURRENT_PROJECT_VERSION = 1;
				GENERATE_INFOPLIST_FILE = YES;
				IPHONEOS_DEPLOYMENT_TARGET = 16.4;
				MARKETING_VERSION = 1.0;
				PRODUCT_BUNDLE_IDENTIFIER = com.vandrj.MoviesSnapshotTests;
				PRODUCT_NAME = "$(TARGET_NAME)";
				SUPPORTED_PLATFORMS = "iphoneos iphonesimulator";
				SUPPORTS_MACCATALYST = NO;
				SUPPORTS_MAC_DESIGNED_FOR_IPHONE_IPAD = YES;
				SWIFT_EMIT_LOC_STRINGS = NO;
				SWIFT_STRICT_CONCURRENCY = targeted;
				SWIFT_VERSION = 5.0;
				TARGETED_DEVICE_FAMILY = 1;
				TEST_HOST = "$(BUILT_PRODUCTS_DIR)/MoviesExample.app/$(BUNDLE_EXECUTABLE_FOLDER_PATH)/MoviesExample";
			};
			name = Release;
		};
		A3820D6329E59A3100993406 /* Debug */ = {
			isa = XCBuildConfiguration;
			baseConfigurationReference = A333E6BD29E5E47800A5954F /* Config.xcconfig */;
			buildSettings = {
				ALWAYS_SEARCH_USER_PATHS = NO;
				CLANG_ANALYZER_NONNULL = YES;
				CLANG_ANALYZER_NUMBER_OBJECT_CONVERSION = YES_AGGRESSIVE;
				CLANG_CXX_LANGUAGE_STANDARD = "gnu++20";
				CLANG_ENABLE_MODULES = YES;
				CLANG_ENABLE_OBJC_ARC = YES;
				CLANG_ENABLE_OBJC_WEAK = YES;
				CLANG_WARN_BLOCK_CAPTURE_AUTORELEASING = YES;
				CLANG_WARN_BOOL_CONVERSION = YES;
				CLANG_WARN_COMMA = YES;
				CLANG_WARN_CONSTANT_CONVERSION = YES;
				CLANG_WARN_DEPRECATED_OBJC_IMPLEMENTATIONS = YES;
				CLANG_WARN_DIRECT_OBJC_ISA_USAGE = YES_ERROR;
				CLANG_WARN_DOCUMENTATION_COMMENTS = YES;
				CLANG_WARN_EMPTY_BODY = YES;
				CLANG_WARN_ENUM_CONVERSION = YES;
				CLANG_WARN_INFINITE_RECURSION = YES;
				CLANG_WARN_INT_CONVERSION = YES;
				CLANG_WARN_NON_LITERAL_NULL_CONVERSION = YES;
				CLANG_WARN_OBJC_IMPLICIT_RETAIN_SELF = YES;
				CLANG_WARN_OBJC_LITERAL_CONVERSION = YES;
				CLANG_WARN_OBJC_ROOT_CLASS = YES_ERROR;
				CLANG_WARN_QUOTED_INCLUDE_IN_FRAMEWORK_HEADER = YES;
				CLANG_WARN_RANGE_LOOP_ANALYSIS = YES;
				CLANG_WARN_STRICT_PROTOTYPES = YES;
				CLANG_WARN_SUSPICIOUS_MOVE = YES;
				CLANG_WARN_UNGUARDED_AVAILABILITY = YES_AGGRESSIVE;
				CLANG_WARN_UNREACHABLE_CODE = YES;
				CLANG_WARN__DUPLICATE_METHOD_MATCH = YES;
				COPY_PHASE_STRIP = NO;
				DEBUG_INFORMATION_FORMAT = dwarf;
				ENABLE_STRICT_OBJC_MSGSEND = YES;
				ENABLE_TESTABILITY = YES;
				GCC_C_LANGUAGE_STANDARD = gnu11;
				GCC_DYNAMIC_NO_PIC = NO;
				GCC_NO_COMMON_BLOCKS = YES;
				GCC_OPTIMIZATION_LEVEL = 0;
				GCC_PREPROCESSOR_DEFINITIONS = (
					"DEBUG=1",
					"$(inherited)",
				);
				GCC_WARN_64_TO_32_BIT_CONVERSION = YES;
				GCC_WARN_ABOUT_RETURN_TYPE = YES_ERROR;
				GCC_WARN_UNDECLARED_SELECTOR = YES;
				GCC_WARN_UNINITIALIZED_AUTOS = YES_AGGRESSIVE;
				GCC_WARN_UNUSED_FUNCTION = YES;
				GCC_WARN_UNUSED_VARIABLE = YES;
				IPHONEOS_DEPLOYMENT_TARGET = 14.0;
				MTL_ENABLE_DEBUG_INFO = INCLUDE_SOURCE;
				MTL_FAST_MATH = YES;
				ONLY_ACTIVE_ARCH = YES;
				SDKROOT = iphoneos;
				SWIFT_ACTIVE_COMPILATION_CONDITIONS = DEBUG;
				SWIFT_OPTIMIZATION_LEVEL = "-Onone";
				SWIFT_STRICT_CONCURRENCY = targeted;
			};
			name = Debug;
		};
		A3820D6429E59A3100993406 /* Release */ = {
			isa = XCBuildConfiguration;
			baseConfigurationReference = A333E6BD29E5E47800A5954F /* Config.xcconfig */;
			buildSettings = {
				ALWAYS_SEARCH_USER_PATHS = NO;
				CLANG_ANALYZER_NONNULL = YES;
				CLANG_ANALYZER_NUMBER_OBJECT_CONVERSION = YES_AGGRESSIVE;
				CLANG_CXX_LANGUAGE_STANDARD = "gnu++20";
				CLANG_ENABLE_MODULES = YES;
				CLANG_ENABLE_OBJC_ARC = YES;
				CLANG_ENABLE_OBJC_WEAK = YES;
				CLANG_WARN_BLOCK_CAPTURE_AUTORELEASING = YES;
				CLANG_WARN_BOOL_CONVERSION = YES;
				CLANG_WARN_COMMA = YES;
				CLANG_WARN_CONSTANT_CONVERSION = YES;
				CLANG_WARN_DEPRECATED_OBJC_IMPLEMENTATIONS = YES;
				CLANG_WARN_DIRECT_OBJC_ISA_USAGE = YES_ERROR;
				CLANG_WARN_DOCUMENTATION_COMMENTS = YES;
				CLANG_WARN_EMPTY_BODY = YES;
				CLANG_WARN_ENUM_CONVERSION = YES;
				CLANG_WARN_INFINITE_RECURSION = YES;
				CLANG_WARN_INT_CONVERSION = YES;
				CLANG_WARN_NON_LITERAL_NULL_CONVERSION = YES;
				CLANG_WARN_OBJC_IMPLICIT_RETAIN_SELF = YES;
				CLANG_WARN_OBJC_LITERAL_CONVERSION = YES;
				CLANG_WARN_OBJC_ROOT_CLASS = YES_ERROR;
				CLANG_WARN_QUOTED_INCLUDE_IN_FRAMEWORK_HEADER = YES;
				CLANG_WARN_RANGE_LOOP_ANALYSIS = YES;
				CLANG_WARN_STRICT_PROTOTYPES = YES;
				CLANG_WARN_SUSPICIOUS_MOVE = YES;
				CLANG_WARN_UNGUARDED_AVAILABILITY = YES_AGGRESSIVE;
				CLANG_WARN_UNREACHABLE_CODE = YES;
				CLANG_WARN__DUPLICATE_METHOD_MATCH = YES;
				COPY_PHASE_STRIP = NO;
				DEBUG_INFORMATION_FORMAT = "dwarf-with-dsym";
				ENABLE_NS_ASSERTIONS = NO;
				ENABLE_STRICT_OBJC_MSGSEND = YES;
				GCC_C_LANGUAGE_STANDARD = gnu11;
				GCC_NO_COMMON_BLOCKS = YES;
				GCC_WARN_64_TO_32_BIT_CONVERSION = YES;
				GCC_WARN_ABOUT_RETURN_TYPE = YES_ERROR;
				GCC_WARN_UNDECLARED_SELECTOR = YES;
				GCC_WARN_UNINITIALIZED_AUTOS = YES_AGGRESSIVE;
				GCC_WARN_UNUSED_FUNCTION = YES;
				GCC_WARN_UNUSED_VARIABLE = YES;
				IPHONEOS_DEPLOYMENT_TARGET = 14.0;
				MTL_ENABLE_DEBUG_INFO = NO;
				MTL_FAST_MATH = YES;
				SDKROOT = iphoneos;
				SWIFT_COMPILATION_MODE = wholemodule;
				SWIFT_OPTIMIZATION_LEVEL = "-O";
				SWIFT_STRICT_CONCURRENCY = targeted;
				VALIDATE_PRODUCT = YES;
			};
			name = Release;
		};
		A3820D6629E59A3100993406 /* Debug */ = {
			isa = XCBuildConfiguration;
			baseConfigurationReference = 747627F9F0AA05268A55878D /* Pods-MoviesExample.debug.xcconfig */;
			buildSettings = {
				ALWAYS_EMBED_SWIFT_STANDARD_LIBRARIES = "$(inherited)";
				ASSETCATALOG_COMPILER_APPICON_NAME = AppIcon;
				ASSETCATALOG_COMPILER_GLOBAL_ACCENT_COLOR_NAME = AccentColor;
				CODE_SIGN_STYLE = Automatic;
				CURRENT_PROJECT_VERSION = 1;
				DEVELOPMENT_TEAM = FT5D6CX28D;
				GENERATE_INFOPLIST_FILE = YES;
				INFOPLIST_FILE = MoviesExample/Info.plist;
				INFOPLIST_KEY_UIApplicationSupportsIndirectInputEvents = YES;
				INFOPLIST_KEY_UILaunchStoryboardName = LaunchScreen;
				INFOPLIST_KEY_UIMainStoryboardFile = "";
				INFOPLIST_KEY_UIStatusBarHidden = YES;
				INFOPLIST_KEY_UIStatusBarStyle = "";
				INFOPLIST_KEY_UISupportedInterfaceOrientations = UIInterfaceOrientationPortrait;
				INFOPLIST_KEY_UISupportedInterfaceOrientations_iPad = "UIInterfaceOrientationLandscapeLeft UIInterfaceOrientationLandscapeRight UIInterfaceOrientationPortrait UIInterfaceOrientationPortraitUpsideDown";
				IPHONEOS_DEPLOYMENT_TARGET = 14.0;
				LD_RUNPATH_SEARCH_PATHS = (
					"$(inherited)",
					"@executable_path/Frameworks",
				);
				MAIN_URL = "https://api.themoviedb.org/3";
				MARKETING_VERSION = 1.0;
				PRODUCT_BUNDLE_IDENTIFIER = com.vandrj.MoviesExample;
				PRODUCT_NAME = "$(TARGET_NAME)";
				SUPPORTED_PLATFORMS = "iphoneos iphonesimulator";
				SUPPORTS_MACCATALYST = NO;
				SUPPORTS_MAC_DESIGNED_FOR_IPHONE_IPAD = YES;
				SWIFT_EMIT_LOC_STRINGS = YES;
				SWIFT_STRICT_CONCURRENCY = targeted;
				SWIFT_VERSION = 5.0;
				TARGETED_DEVICE_FAMILY = 1;
			};
			name = Debug;
		};
		A3820D6729E59A3100993406 /* Release */ = {
			isa = XCBuildConfiguration;
			baseConfigurationReference = B298CC75D66A7F3F843BB7A3 /* Pods-MoviesExample.release.xcconfig */;
			buildSettings = {
				ALWAYS_EMBED_SWIFT_STANDARD_LIBRARIES = "$(inherited)";
				ASSETCATALOG_COMPILER_APPICON_NAME = AppIcon;
				ASSETCATALOG_COMPILER_GLOBAL_ACCENT_COLOR_NAME = AccentColor;
				CODE_SIGN_STYLE = Automatic;
				CURRENT_PROJECT_VERSION = 1;
				DEVELOPMENT_TEAM = FT5D6CX28D;
				GENERATE_INFOPLIST_FILE = YES;
				INFOPLIST_FILE = MoviesExample/Info.plist;
				INFOPLIST_KEY_UIApplicationSupportsIndirectInputEvents = YES;
				INFOPLIST_KEY_UILaunchStoryboardName = LaunchScreen;
				INFOPLIST_KEY_UIMainStoryboardFile = "";
				INFOPLIST_KEY_UIStatusBarHidden = YES;
				INFOPLIST_KEY_UIStatusBarStyle = "";
				INFOPLIST_KEY_UISupportedInterfaceOrientations = UIInterfaceOrientationPortrait;
				INFOPLIST_KEY_UISupportedInterfaceOrientations_iPad = "UIInterfaceOrientationLandscapeLeft UIInterfaceOrientationLandscapeRight UIInterfaceOrientationPortrait UIInterfaceOrientationPortraitUpsideDown";
				IPHONEOS_DEPLOYMENT_TARGET = 14.0;
				LD_RUNPATH_SEARCH_PATHS = (
					"$(inherited)",
					"@executable_path/Frameworks",
				);
				MAIN_URL = "https://api.themoviedb.org/3";
				MARKETING_VERSION = 1.0;
				PRODUCT_BUNDLE_IDENTIFIER = com.vandrj.MoviesExample;
				PRODUCT_NAME = "$(TARGET_NAME)";
				SUPPORTED_PLATFORMS = "iphoneos iphonesimulator";
				SUPPORTS_MACCATALYST = NO;
				SUPPORTS_MAC_DESIGNED_FOR_IPHONE_IPAD = YES;
				SWIFT_EMIT_LOC_STRINGS = YES;
				SWIFT_STRICT_CONCURRENCY = targeted;
				SWIFT_VERSION = 5.0;
				TARGETED_DEVICE_FAMILY = 1;
			};
			name = Release;
		};
/* End XCBuildConfiguration section */

/* Begin XCConfigurationList section */
		A368636829EAB57C006B00FD /* Build configuration list for PBXNativeTarget "MoviesTests" */ = {
			isa = XCConfigurationList;
			buildConfigurations = (
				A368636929EAB57C006B00FD /* Debug */,
				A368636A29EAB57C006B00FD /* Release */,
			);
			defaultConfigurationIsVisible = 0;
			defaultConfigurationName = Release;
		};
		A368637C29EAB6EA006B00FD /* Build configuration list for PBXNativeTarget "MoviesSnapshotTests" */ = {
			isa = XCConfigurationList;
			buildConfigurations = (
				A368637D29EAB6EA006B00FD /* Debug */,
				A368637E29EAB6EA006B00FD /* Release */,
			);
			defaultConfigurationIsVisible = 0;
			defaultConfigurationName = Release;
		};
		A3820D3629E59A3000993406 /* Build configuration list for PBXProject "MoviesExample" */ = {
			isa = XCConfigurationList;
			buildConfigurations = (
				A3820D6329E59A3100993406 /* Debug */,
				A3820D6429E59A3100993406 /* Release */,
			);
			defaultConfigurationIsVisible = 0;
			defaultConfigurationName = Release;
		};
		A3820D6529E59A3100993406 /* Build configuration list for PBXNativeTarget "MoviesExample" */ = {
			isa = XCConfigurationList;
			buildConfigurations = (
				A3820D6629E59A3100993406 /* Debug */,
				A3820D6729E59A3100993406 /* Release */,
			);
			defaultConfigurationIsVisible = 0;
			defaultConfigurationName = Release;
		};
/* End XCConfigurationList section */

/* Begin XCRemoteSwiftPackageReference section */
		A368637F29EAB72A006B00FD /* XCRemoteSwiftPackageReference "swift-snapshot-testing" */ = {
			isa = XCRemoteSwiftPackageReference;
			repositoryURL = "https://github.com/pointfreeco/swift-snapshot-testing";
			requirement = {
				kind = upToNextMajorVersion;
				minimumVersion = 1.0.0;
			};
		};
/* End XCRemoteSwiftPackageReference section */

/* Begin XCSwiftPackageProductDependency section */
		A368638029EAB72A006B00FD /* SnapshotTesting */ = {
			isa = XCSwiftPackageProductDependency;
			package = A368637F29EAB72A006B00FD /* XCRemoteSwiftPackageReference "swift-snapshot-testing" */;
			productName = SnapshotTesting;
		};
/* End XCSwiftPackageProductDependency section */
	};
	rootObject = A3820D3329E59A3000993406 /* Project object */;
}
