// !$*UTF8*$!
{
	archiveVersion = 1;
	classes = {
	};
	objectVersion = 54;
	objects = {

/* Begin PBXBuildFile section */
		420FAB199196B9B275A922DC /* libPods-VATextureKit_Example.a in Frameworks */ = {isa = PBXBuildFile; fileRef = 4299353176C4E466B9CCFAAE /* libPods-VATextureKit_Example.a */; };
		4D0FEE39D637A2B29DF77F23 /* libPods-VATextureKit_Tests.a in Frameworks */ = {isa = PBXBuildFile; fileRef = 0E08BC543EE0E13ECE4A9359 /* libPods-VATextureKit_Tests.a */; };
		607FACD61AFB9204008FA782 /* AppDelegate.swift in Sources */ = {isa = PBXBuildFile; fileRef = 607FACD51AFB9204008FA782 /* AppDelegate.swift */; };
		607FACDD1AFB9204008FA782 /* Images.xcassets in Resources */ = {isa = PBXBuildFile; fileRef = 607FACDC1AFB9204008FA782 /* Images.xcassets */; };
		607FACE01AFB9204008FA782 /* LaunchScreen.xib in Resources */ = {isa = PBXBuildFile; fileRef = 607FACDE1AFB9204008FA782 /* LaunchScreen.xib */; };
		607FACEC1AFB9204008FA782 /* Tests.swift in Sources */ = {isa = PBXBuildFile; fileRef = 607FACEB1AFB9204008FA782 /* Tests.swift */; };
		A310A43229CF471400632416 /* CellViewModel.swift in Sources */ = {isa = PBXBuildFile; fileRef = A310A43129CF471400632416 /* CellViewModel.swift */; };
		A359BE7A29D76C0D003BDE19 /* VADisplayNodeTests.swift in Sources */ = {isa = PBXBuildFile; fileRef = A359BE7929D76C0D003BDE19 /* VADisplayNodeTests.swift */; };
		A359BE7E29D76E1B003BDE19 /* Environment.swift in Sources */ = {isa = PBXBuildFile; fileRef = A359BE7D29D76E1B003BDE19 /* Environment.swift */; };
		A397A2C229AAA68800A05B8F /* AlertNodeController.swift in Sources */ = {isa = PBXBuildFile; fileRef = A397A2C129AAA68800A05B8F /* AlertNodeController.swift */; };
		A397A2C529AAAF6800A05B8F /* NSObject+Applyable.swift in Sources */ = {isa = PBXBuildFile; fileRef = A397A2C429AAAF6800A05B8F /* NSObject+Applyable.swift */; };
		A3B3F37929A0CDAD0090E6E2 /* MainNodeController.swift in Sources */ = {isa = PBXBuildFile; fileRef = A3B3F37829A0CDAD0090E6E2 /* MainNodeController.swift */; };
		A3B3F3AF29A17A5B0090E6E2 /* ExampleNavigationController.swift in Sources */ = {isa = PBXBuildFile; fileRef = A3B3F3AE29A17A5B0090E6E2 /* ExampleNavigationController.swift */; };
		A3B3F3C529A22F860090E6E2 /* Theme.swift in Sources */ = {isa = PBXBuildFile; fileRef = A3B3F3C429A22F860090E6E2 /* Theme.swift */; };
		A3B3F3CD29A2B4FC0090E6E2 /* MainListCellNode.swift in Sources */ = {isa = PBXBuildFile; fileRef = A3B3F3CC29A2B4FC0090E6E2 /* MainListCellNode.swift */; };
		A3B3F3CF29A2C0590090E6E2 /* NavigationRoute.swift in Sources */ = {isa = PBXBuildFile; fileRef = A3B3F3CE29A2C0590090E6E2 /* NavigationRoute.swift */; };
		A3B3F3D129A2C1190090E6E2 /* Navigator.swift in Sources */ = {isa = PBXBuildFile; fileRef = A3B3F3D029A2C1190090E6E2 /* Navigator.swift */; };
		A3B3F3D329A2C8280090E6E2 /* MainViewModel.swift in Sources */ = {isa = PBXBuildFile; fileRef = A3B3F3D229A2C8280090E6E2 /* MainViewModel.swift */; };
		A3B3F3D629A2C91A0090E6E2 /* AppearanceContollerNode.swift in Sources */ = {isa = PBXBuildFile; fileRef = A3B3F3D529A2C91A0090E6E2 /* AppearanceContollerNode.swift */; };
		A3B3F3D829A2C9340090E6E2 /* AppearanceViewController.swift in Sources */ = {isa = PBXBuildFile; fileRef = A3B3F3D729A2C9340090E6E2 /* AppearanceViewController.swift */; };
		A3B3F3DC29A358120090E6E2 /* ThemeManager.swift in Sources */ = {isa = PBXBuildFile; fileRef = A3B3F3DB29A358120090E6E2 /* ThemeManager.swift */; };
		A3B3F3DE29A37C9C0090E6E2 /* AppearanceViewModel.swift in Sources */ = {isa = PBXBuildFile; fileRef = A3B3F3DD29A37C9C0090E6E2 /* AppearanceViewModel.swift */; };
		A3B3F3E529A3868F0090E6E2 /* ContentSizeControllerNode.swift in Sources */ = {isa = PBXBuildFile; fileRef = A3B3F3E429A3868F0090E6E2 /* ContentSizeControllerNode.swift */; };
		A3B3F3E729A3869B0090E6E2 /* ContentSizeViewController.swift in Sources */ = {isa = PBXBuildFile; fileRef = A3B3F3E629A3869B0090E6E2 /* ContentSizeViewController.swift */; };
		A3B3F3F229A3B8C40090E6E2 /* GradientControllerNode.swift in Sources */ = {isa = PBXBuildFile; fileRef = A3B3F3F129A3B8C40090E6E2 /* GradientControllerNode.swift */; };
		A3B3F3F429A3B8CD0090E6E2 /* GradientViewController.swift in Sources */ = {isa = PBXBuildFile; fileRef = A3B3F3F329A3B8CD0090E6E2 /* GradientViewController.swift */; };
		A3B3F3FB29A3CDA10090E6E2 /* RadialGradientControllerNode.swift in Sources */ = {isa = PBXBuildFile; fileRef = A3B3F3FA29A3CDA10090E6E2 /* RadialGradientControllerNode.swift */; };
		A3B3F3FD29A3CEAB0090E6E2 /* RadialGradientViewController.swift in Sources */ = {isa = PBXBuildFile; fileRef = A3B3F3FC29A3CEAB0090E6E2 /* RadialGradientViewController.swift */; };
		A3BCEC5729CFA6770077217F /* LoadingCellNode.swift in Sources */ = {isa = PBXBuildFile; fileRef = A3BCEC5629CFA6770077217F /* LoadingCellNode.swift */; };
		A3D2488529CF860300EE1907 /* VAStateModelTests.swift in Sources */ = {isa = PBXBuildFile; fileRef = A3D2488429CF860300EE1907 /* VAStateModelTests.swift */; };
		A3D2488A29CF869900EE1907 /* Support.swift in Sources */ = {isa = PBXBuildFile; fileRef = A3D2488929CF869900EE1907 /* Support.swift */; };
		A3E47BCC29D763C200D51E08 /* SnapshotTesting in Frameworks */ = {isa = PBXBuildFile; productRef = A3E47BCB29D763C200D51E08 /* SnapshotTesting */; };
		A3F888C729CB67F100C67187 /* Umbrella.swift in Sources */ = {isa = PBXBuildFile; fileRef = A3F888C629CB67F100C67187 /* Umbrella.swift */; };
		A3F888D729CC427000C67187 /* CollectionListNodeController.swift in Sources */ = {isa = PBXBuildFile; fileRef = A3F888D629CC427000C67187 /* CollectionListNodeController.swift */; };
		A3F888D929CC427D00C67187 /* CollectionListViewModel.swift in Sources */ = {isa = PBXBuildFile; fileRef = A3F888D829CC427D00C67187 /* CollectionListViewModel.swift */; };
		A3F888DD29CC602900C67187 /* CollectionExampleCellNode.swift in Sources */ = {isa = PBXBuildFile; fileRef = A3F888DC29CC602900C67187 /* CollectionExampleCellNode.swift */; };
		A3F8890029CE2D0000C67187 /* Support.swift in Sources */ = {isa = PBXBuildFile; fileRef = A3F888FF29CE2D0000C67187 /* Support.swift */; };
		A3F8890329CE316100C67187 /* CollectionListDifferentCellsNodeController.swift in Sources */ = {isa = PBXBuildFile; fileRef = A3F8890229CE316100C67187 /* CollectionListDifferentCellsNodeController.swift */; };
		A3F8890529CE316C00C67187 /* CollectionListDifferentCellsViewModel.swift in Sources */ = {isa = PBXBuildFile; fileRef = A3F8890429CE316C00C67187 /* CollectionListDifferentCellsViewModel.swift */; };
		A3F8890929CE37BD00C67187 /* ImageCellNode.swift in Sources */ = {isa = PBXBuildFile; fileRef = A3F8890829CE37BD00C67187 /* ImageCellNode.swift */; };
		A3F8890B29CE385B00C67187 /* ImageNumberCellNode.swift in Sources */ = {isa = PBXBuildFile; fileRef = A3F8890A29CE385B00C67187 /* ImageNumberCellNode.swift */; };
/* End PBXBuildFile section */

/* Begin PBXContainerItemProxy section */
		607FACE61AFB9204008FA782 /* PBXContainerItemProxy */ = {
			isa = PBXContainerItemProxy;
			containerPortal = 607FACC81AFB9204008FA782 /* Project object */;
			proxyType = 1;
			remoteGlobalIDString = 607FACCF1AFB9204008FA782;
			remoteInfo = VATextureKit;
		};
/* End PBXContainerItemProxy section */

/* Begin PBXFileReference section */
		0E08BC543EE0E13ECE4A9359 /* libPods-VATextureKit_Tests.a */ = {isa = PBXFileReference; explicitFileType = archive.ar; includeInIndex = 0; path = "libPods-VATextureKit_Tests.a"; sourceTree = BUILT_PRODUCTS_DIR; };
		278E0C59813DD6F897AC8756 /* VATextureKit.podspec */ = {isa = PBXFileReference; includeInIndex = 1; indentWidth = 2; lastKnownFileType = text; name = VATextureKit.podspec; path = ../VATextureKit.podspec; sourceTree = "<group>"; tabWidth = 2; xcLanguageSpecificationIdentifier = xcode.lang.ruby; };
		282F60A4B43FD260D631A2BF /* LICENSE */ = {isa = PBXFileReference; includeInIndex = 1; lastKnownFileType = text; name = LICENSE; path = ../LICENSE; sourceTree = "<group>"; };
		3453B943025891DE20EEBC7D /* Pods-VATextureKit_Tests.debug.xcconfig */ = {isa = PBXFileReference; includeInIndex = 1; lastKnownFileType = text.xcconfig; name = "Pods-VATextureKit_Tests.debug.xcconfig"; path = "Target Support Files/Pods-VATextureKit_Tests/Pods-VATextureKit_Tests.debug.xcconfig"; sourceTree = "<group>"; };
		40FBB59C9B6DD2160922ED34 /* Pods-VATextureKit_Tests.release.xcconfig */ = {isa = PBXFileReference; includeInIndex = 1; lastKnownFileType = text.xcconfig; name = "Pods-VATextureKit_Tests.release.xcconfig"; path = "Target Support Files/Pods-VATextureKit_Tests/Pods-VATextureKit_Tests.release.xcconfig"; sourceTree = "<group>"; };
		4299353176C4E466B9CCFAAE /* libPods-VATextureKit_Example.a */ = {isa = PBXFileReference; explicitFileType = archive.ar; includeInIndex = 0; path = "libPods-VATextureKit_Example.a"; sourceTree = BUILT_PRODUCTS_DIR; };
		607FACD01AFB9204008FA782 /* VATextureKit_Example.app */ = {isa = PBXFileReference; explicitFileType = wrapper.application; includeInIndex = 0; path = VATextureKit_Example.app; sourceTree = BUILT_PRODUCTS_DIR; };
		607FACD41AFB9204008FA782 /* Info.plist */ = {isa = PBXFileReference; lastKnownFileType = text.plist.xml; path = Info.plist; sourceTree = "<group>"; };
		607FACD51AFB9204008FA782 /* AppDelegate.swift */ = {isa = PBXFileReference; lastKnownFileType = sourcecode.swift; path = AppDelegate.swift; sourceTree = "<group>"; };
		607FACDC1AFB9204008FA782 /* Images.xcassets */ = {isa = PBXFileReference; lastKnownFileType = folder.assetcatalog; path = Images.xcassets; sourceTree = "<group>"; };
		607FACDF1AFB9204008FA782 /* Base */ = {isa = PBXFileReference; lastKnownFileType = file.xib; name = Base; path = Base.lproj/LaunchScreen.xib; sourceTree = "<group>"; };
		607FACE51AFB9204008FA782 /* VATextureKit_Tests.xctest */ = {isa = PBXFileReference; explicitFileType = wrapper.cfbundle; includeInIndex = 0; path = VATextureKit_Tests.xctest; sourceTree = BUILT_PRODUCTS_DIR; };
		607FACEA1AFB9204008FA782 /* Info.plist */ = {isa = PBXFileReference; lastKnownFileType = text.plist.xml; path = Info.plist; sourceTree = "<group>"; };
		607FACEB1AFB9204008FA782 /* Tests.swift */ = {isa = PBXFileReference; lastKnownFileType = sourcecode.swift; path = Tests.swift; sourceTree = "<group>"; };
		6D876C31217CA656A4FE2F15 /* Pods-VATextureKit_Example.debug.xcconfig */ = {isa = PBXFileReference; includeInIndex = 1; lastKnownFileType = text.xcconfig; name = "Pods-VATextureKit_Example.debug.xcconfig"; path = "Target Support Files/Pods-VATextureKit_Example/Pods-VATextureKit_Example.debug.xcconfig"; sourceTree = "<group>"; };
		7E7793BF92D39325720321EF /* Pods-VATextureKit_Example.release.xcconfig */ = {isa = PBXFileReference; includeInIndex = 1; lastKnownFileType = text.xcconfig; name = "Pods-VATextureKit_Example.release.xcconfig"; path = "Target Support Files/Pods-VATextureKit_Example/Pods-VATextureKit_Example.release.xcconfig"; sourceTree = "<group>"; };
		A310A43129CF471400632416 /* CellViewModel.swift */ = {isa = PBXFileReference; lastKnownFileType = sourcecode.swift; path = CellViewModel.swift; sourceTree = "<group>"; };
		A359BE7929D76C0D003BDE19 /* VADisplayNodeTests.swift */ = {isa = PBXFileReference; lastKnownFileType = sourcecode.swift; path = VADisplayNodeTests.swift; sourceTree = "<group>"; };
		A359BE7D29D76E1B003BDE19 /* Environment.swift */ = {isa = PBXFileReference; lastKnownFileType = sourcecode.swift; path = Environment.swift; sourceTree = "<group>"; };
		A397A2C129AAA68800A05B8F /* AlertNodeController.swift */ = {isa = PBXFileReference; lastKnownFileType = sourcecode.swift; path = AlertNodeController.swift; sourceTree = "<group>"; };
		A397A2C429AAAF6800A05B8F /* NSObject+Applyable.swift */ = {isa = PBXFileReference; lastKnownFileType = sourcecode.swift; path = "NSObject+Applyable.swift"; sourceTree = "<group>"; };
		A3B3F37829A0CDAD0090E6E2 /* MainNodeController.swift */ = {isa = PBXFileReference; lastKnownFileType = sourcecode.swift; path = MainNodeController.swift; sourceTree = "<group>"; };
		A3B3F3AE29A17A5B0090E6E2 /* ExampleNavigationController.swift */ = {isa = PBXFileReference; lastKnownFileType = sourcecode.swift; path = ExampleNavigationController.swift; sourceTree = "<group>"; };
		A3B3F3C429A22F860090E6E2 /* Theme.swift */ = {isa = PBXFileReference; lastKnownFileType = sourcecode.swift; path = Theme.swift; sourceTree = "<group>"; };
		A3B3F3CC29A2B4FC0090E6E2 /* MainListCellNode.swift */ = {isa = PBXFileReference; lastKnownFileType = sourcecode.swift; path = MainListCellNode.swift; sourceTree = "<group>"; };
		A3B3F3CE29A2C0590090E6E2 /* NavigationRoute.swift */ = {isa = PBXFileReference; lastKnownFileType = sourcecode.swift; path = NavigationRoute.swift; sourceTree = "<group>"; };
		A3B3F3D029A2C1190090E6E2 /* Navigator.swift */ = {isa = PBXFileReference; lastKnownFileType = sourcecode.swift; path = Navigator.swift; sourceTree = "<group>"; };
		A3B3F3D229A2C8280090E6E2 /* MainViewModel.swift */ = {isa = PBXFileReference; lastKnownFileType = sourcecode.swift; path = MainViewModel.swift; sourceTree = "<group>"; };
		A3B3F3D529A2C91A0090E6E2 /* AppearanceContollerNode.swift */ = {isa = PBXFileReference; lastKnownFileType = sourcecode.swift; path = AppearanceContollerNode.swift; sourceTree = "<group>"; };
		A3B3F3D729A2C9340090E6E2 /* AppearanceViewController.swift */ = {isa = PBXFileReference; lastKnownFileType = sourcecode.swift; path = AppearanceViewController.swift; sourceTree = "<group>"; };
		A3B3F3DB29A358120090E6E2 /* ThemeManager.swift */ = {isa = PBXFileReference; lastKnownFileType = sourcecode.swift; path = ThemeManager.swift; sourceTree = "<group>"; };
		A3B3F3DD29A37C9C0090E6E2 /* AppearanceViewModel.swift */ = {isa = PBXFileReference; lastKnownFileType = sourcecode.swift; path = AppearanceViewModel.swift; sourceTree = "<group>"; };
		A3B3F3E429A3868F0090E6E2 /* ContentSizeControllerNode.swift */ = {isa = PBXFileReference; lastKnownFileType = sourcecode.swift; path = ContentSizeControllerNode.swift; sourceTree = "<group>"; };
		A3B3F3E629A3869B0090E6E2 /* ContentSizeViewController.swift */ = {isa = PBXFileReference; lastKnownFileType = sourcecode.swift; path = ContentSizeViewController.swift; sourceTree = "<group>"; };
		A3B3F3F129A3B8C40090E6E2 /* GradientControllerNode.swift */ = {isa = PBXFileReference; lastKnownFileType = sourcecode.swift; path = GradientControllerNode.swift; sourceTree = "<group>"; };
		A3B3F3F329A3B8CD0090E6E2 /* GradientViewController.swift */ = {isa = PBXFileReference; lastKnownFileType = sourcecode.swift; path = GradientViewController.swift; sourceTree = "<group>"; };
		A3B3F3FA29A3CDA10090E6E2 /* RadialGradientControllerNode.swift */ = {isa = PBXFileReference; lastKnownFileType = sourcecode.swift; path = RadialGradientControllerNode.swift; sourceTree = "<group>"; };
		A3B3F3FC29A3CEAB0090E6E2 /* RadialGradientViewController.swift */ = {isa = PBXFileReference; lastKnownFileType = sourcecode.swift; path = RadialGradientViewController.swift; sourceTree = "<group>"; };
		A3BCEC5629CFA6770077217F /* LoadingCellNode.swift */ = {isa = PBXFileReference; lastKnownFileType = sourcecode.swift; path = LoadingCellNode.swift; sourceTree = "<group>"; };
		A3D2488429CF860300EE1907 /* VAStateModelTests.swift */ = {isa = PBXFileReference; lastKnownFileType = sourcecode.swift; path = VAStateModelTests.swift; sourceTree = "<group>"; };
		A3D2488929CF869900EE1907 /* Support.swift */ = {isa = PBXFileReference; lastKnownFileType = sourcecode.swift; path = Support.swift; sourceTree = "<group>"; };
		A3E47BC029D75AB300D51E08 /* VATextureKit_Tests-Bridging-Header.h */ = {isa = PBXFileReference; lastKnownFileType = sourcecode.c.h; path = "VATextureKit_Tests-Bridging-Header.h"; sourceTree = "<group>"; };
		A3F888C629CB67F100C67187 /* Umbrella.swift */ = {isa = PBXFileReference; lastKnownFileType = sourcecode.swift; path = Umbrella.swift; sourceTree = "<group>"; };
		A3F888D629CC427000C67187 /* CollectionListNodeController.swift */ = {isa = PBXFileReference; lastKnownFileType = sourcecode.swift; path = CollectionListNodeController.swift; sourceTree = "<group>"; };
		A3F888D829CC427D00C67187 /* CollectionListViewModel.swift */ = {isa = PBXFileReference; lastKnownFileType = sourcecode.swift; path = CollectionListViewModel.swift; sourceTree = "<group>"; };
		A3F888DC29CC602900C67187 /* CollectionExampleCellNode.swift */ = {isa = PBXFileReference; lastKnownFileType = sourcecode.swift; path = CollectionExampleCellNode.swift; sourceTree = "<group>"; };
		A3F888FF29CE2D0000C67187 /* Support.swift */ = {isa = PBXFileReference; lastKnownFileType = sourcecode.swift; path = Support.swift; sourceTree = "<group>"; };
		A3F8890229CE316100C67187 /* CollectionListDifferentCellsNodeController.swift */ = {isa = PBXFileReference; lastKnownFileType = sourcecode.swift; path = CollectionListDifferentCellsNodeController.swift; sourceTree = "<group>"; };
		A3F8890429CE316C00C67187 /* CollectionListDifferentCellsViewModel.swift */ = {isa = PBXFileReference; lastKnownFileType = sourcecode.swift; path = CollectionListDifferentCellsViewModel.swift; sourceTree = "<group>"; };
		A3F8890829CE37BD00C67187 /* ImageCellNode.swift */ = {isa = PBXFileReference; lastKnownFileType = sourcecode.swift; path = ImageCellNode.swift; sourceTree = "<group>"; };
		A3F8890A29CE385B00C67187 /* ImageNumberCellNode.swift */ = {isa = PBXFileReference; lastKnownFileType = sourcecode.swift; path = ImageNumberCellNode.swift; sourceTree = "<group>"; };
		C09CD1909CE6DD4E1F0B3BCA /* README.md */ = {isa = PBXFileReference; includeInIndex = 1; lastKnownFileType = net.daringfireball.markdown; name = README.md; path = ../README.md; sourceTree = "<group>"; };
/* End PBXFileReference section */

/* Begin PBXFrameworksBuildPhase section */
		607FACCD1AFB9204008FA782 /* Frameworks */ = {
			isa = PBXFrameworksBuildPhase;
			buildActionMask = 2147483647;
			files = (
				420FAB199196B9B275A922DC /* libPods-VATextureKit_Example.a in Frameworks */,
			);
			runOnlyForDeploymentPostprocessing = 0;
		};
		607FACE21AFB9204008FA782 /* Frameworks */ = {
			isa = PBXFrameworksBuildPhase;
			buildActionMask = 2147483647;
			files = (
				4D0FEE39D637A2B29DF77F23 /* libPods-VATextureKit_Tests.a in Frameworks */,
				A3E47BCC29D763C200D51E08 /* SnapshotTesting in Frameworks */,
			);
			runOnlyForDeploymentPostprocessing = 0;
		};
/* End PBXFrameworksBuildPhase section */

/* Begin PBXGroup section */
		031B4168DEB1521C97FF1B80 /* Frameworks */ = {
			isa = PBXGroup;
			children = (
				4299353176C4E466B9CCFAAE /* libPods-VATextureKit_Example.a */,
				0E08BC543EE0E13ECE4A9359 /* libPods-VATextureKit_Tests.a */,
			);
			name = Frameworks;
			sourceTree = "<group>";
		};
		36B2AB5DC423388DB6167C58 /* Pods */ = {
			isa = PBXGroup;
			children = (
				6D876C31217CA656A4FE2F15 /* Pods-VATextureKit_Example.debug.xcconfig */,
				7E7793BF92D39325720321EF /* Pods-VATextureKit_Example.release.xcconfig */,
				3453B943025891DE20EEBC7D /* Pods-VATextureKit_Tests.debug.xcconfig */,
				40FBB59C9B6DD2160922ED34 /* Pods-VATextureKit_Tests.release.xcconfig */,
			);
			path = Pods;
			sourceTree = "<group>";
		};
		607FACC71AFB9204008FA782 = {
			isa = PBXGroup;
			children = (
				607FACF51AFB993E008FA782 /* Podspec Metadata */,
				607FACD21AFB9204008FA782 /* Example for VATextureKit */,
				607FACE81AFB9204008FA782 /* Tests */,
				607FACD11AFB9204008FA782 /* Products */,
				36B2AB5DC423388DB6167C58 /* Pods */,
				031B4168DEB1521C97FF1B80 /* Frameworks */,
			);
			sourceTree = "<group>";
		};
		607FACD11AFB9204008FA782 /* Products */ = {
			isa = PBXGroup;
			children = (
				607FACD01AFB9204008FA782 /* VATextureKit_Example.app */,
				607FACE51AFB9204008FA782 /* VATextureKit_Tests.xctest */,
			);
			name = Products;
			sourceTree = "<group>";
		};
		607FACD21AFB9204008FA782 /* Example for VATextureKit */ = {
			isa = PBXGroup;
			children = (
				607FACD51AFB9204008FA782 /* AppDelegate.swift */,
				A3B3F3BC29A20C340090E6E2 /* Controllers */,
				A397A2C329AAAF5700A05B8F /* Extensions */,
				A3B3F3EA29A399440090E6E2 /* Navigator */,
				A3B3F3BD29A20C430090E6E2 /* Nodes */,
				A3B3F37429A0CD830090E6E2 /* Screens */,
				607FACD31AFB9204008FA782 /* Supporting Files */,
				A3B3F38729A11D570090E6E2 /* Theme */,
			);
			name = "Example for VATextureKit";
			path = VATextureKit;
			sourceTree = "<group>";
		};
		607FACD31AFB9204008FA782 /* Supporting Files */ = {
			isa = PBXGroup;
			children = (
				607FACD41AFB9204008FA782 /* Info.plist */,
				A359BE7D29D76E1B003BDE19 /* Environment.swift */,
				A3F888FF29CE2D0000C67187 /* Support.swift */,
				A3F888C629CB67F100C67187 /* Umbrella.swift */,
				607FACDC1AFB9204008FA782 /* Images.xcassets */,
				607FACDE1AFB9204008FA782 /* LaunchScreen.xib */,
			);
			name = "Supporting Files";
			sourceTree = "<group>";
		};
		607FACE81AFB9204008FA782 /* Tests */ = {
			isa = PBXGroup;
			children = (
				A328F9A329D757B300FEB663 /* Snapshots */,
				A3D2488429CF860300EE1907 /* VAStateModelTests.swift */,
				607FACEB1AFB9204008FA782 /* Tests.swift */,
				607FACE91AFB9204008FA782 /* Supporting Files */,
			);
			path = Tests;
			sourceTree = "<group>";
		};
		607FACE91AFB9204008FA782 /* Supporting Files */ = {
			isa = PBXGroup;
			children = (
				A3E47BC029D75AB300D51E08 /* VATextureKit_Tests-Bridging-Header.h */,
				A3D2488929CF869900EE1907 /* Support.swift */,
				607FACEA1AFB9204008FA782 /* Info.plist */,
			);
			name = "Supporting Files";
			sourceTree = "<group>";
		};
		607FACF51AFB993E008FA782 /* Podspec Metadata */ = {
			isa = PBXGroup;
			children = (
				278E0C59813DD6F897AC8756 /* VATextureKit.podspec */,
				C09CD1909CE6DD4E1F0B3BCA /* README.md */,
				282F60A4B43FD260D631A2BF /* LICENSE */,
			);
			name = "Podspec Metadata";
			sourceTree = "<group>";
		};
		A328F9A329D757B300FEB663 /* Snapshots */ = {
			isa = PBXGroup;
			children = (
				A359BE7929D76C0D003BDE19 /* VADisplayNodeTests.swift */,
			);
			path = Snapshots;
			sourceTree = "<group>";
		};
		A397A2BE29AAA65F00A05B8F /* Alert */ = {
			isa = PBXGroup;
			children = (
				A397A2C129AAA68800A05B8F /* AlertNodeController.swift */,
			);
			path = Alert;
			sourceTree = "<group>";
		};
		A397A2C329AAAF5700A05B8F /* Extensions */ = {
			isa = PBXGroup;
			children = (
				A397A2C429AAAF6800A05B8F /* NSObject+Applyable.swift */,
			);
			path = Extensions;
			sourceTree = "<group>";
		};
		A3B3F37429A0CD830090E6E2 /* Screens */ = {
			isa = PBXGroup;
			children = (
				A397A2BE29AAA65F00A05B8F /* Alert */,
				A3B3F3D429A2C8F40090E6E2 /* Appearance */,
				A3F888D529CC424000C67187 /* CollectionList */,
				A3F8890129CE314500C67187 /* CollectionListDifferentCells */,
				A3B3F3E329A3867F0090E6E2 /* ContentSize */,
				A3B3F3F029A3B8890090E6E2 /* LinearGradient */,
				A3B3F37529A0CD970090E6E2 /* Main */,
				A3B3F3F929A3CD010090E6E2 /* RadialGradient */,
			);
			path = Screens;
			sourceTree = "<group>";
		};
		A3B3F37529A0CD970090E6E2 /* Main */ = {
			isa = PBXGroup;
			children = (
				A3B3F37829A0CDAD0090E6E2 /* MainNodeController.swift */,
				A3B3F3D229A2C8280090E6E2 /* MainViewModel.swift */,
			);
			path = Main;
			sourceTree = "<group>";
		};
		A3B3F38729A11D570090E6E2 /* Theme */ = {
			isa = PBXGroup;
			children = (
				A3B3F3C429A22F860090E6E2 /* Theme.swift */,
				A3B3F3DB29A358120090E6E2 /* ThemeManager.swift */,
			);
			path = Theme;
			sourceTree = "<group>";
		};
		A3B3F3BC29A20C340090E6E2 /* Controllers */ = {
			isa = PBXGroup;
			children = (
				A3B3F3AE29A17A5B0090E6E2 /* ExampleNavigationController.swift */,
			);
			path = Controllers;
			sourceTree = "<group>";
		};
		A3B3F3BD29A20C430090E6E2 /* Nodes */ = {
			isa = PBXGroup;
			children = (
				A310A43129CF471400632416 /* CellViewModel.swift */,
				A3F888DC29CC602900C67187 /* CollectionExampleCellNode.swift */,
				A3F8890829CE37BD00C67187 /* ImageCellNode.swift */,
				A3F8890A29CE385B00C67187 /* ImageNumberCellNode.swift */,
				A3BCEC5629CFA6770077217F /* LoadingCellNode.swift */,
				A3B3F3CC29A2B4FC0090E6E2 /* MainListCellNode.swift */,
			);
			path = Nodes;
			sourceTree = "<group>";
		};
		A3B3F3D429A2C8F40090E6E2 /* Appearance */ = {
			isa = PBXGroup;
			children = (
				A3B3F3D529A2C91A0090E6E2 /* AppearanceContollerNode.swift */,
				A3B3F3D729A2C9340090E6E2 /* AppearanceViewController.swift */,
				A3B3F3DD29A37C9C0090E6E2 /* AppearanceViewModel.swift */,
			);
			path = Appearance;
			sourceTree = "<group>";
		};
		A3B3F3E329A3867F0090E6E2 /* ContentSize */ = {
			isa = PBXGroup;
			children = (
				A3B3F3E429A3868F0090E6E2 /* ContentSizeControllerNode.swift */,
				A3B3F3E629A3869B0090E6E2 /* ContentSizeViewController.swift */,
			);
			path = ContentSize;
			sourceTree = "<group>";
		};
		A3B3F3EA29A399440090E6E2 /* Navigator */ = {
			isa = PBXGroup;
			children = (
				A3B3F3CE29A2C0590090E6E2 /* NavigationRoute.swift */,
				A3B3F3D029A2C1190090E6E2 /* Navigator.swift */,
			);
			path = Navigator;
			sourceTree = "<group>";
		};
		A3B3F3F029A3B8890090E6E2 /* LinearGradient */ = {
			isa = PBXGroup;
			children = (
				A3B3F3F129A3B8C40090E6E2 /* GradientControllerNode.swift */,
				A3B3F3F329A3B8CD0090E6E2 /* GradientViewController.swift */,
			);
			path = LinearGradient;
			sourceTree = "<group>";
		};
		A3B3F3F929A3CD010090E6E2 /* RadialGradient */ = {
			isa = PBXGroup;
			children = (
				A3B3F3FA29A3CDA10090E6E2 /* RadialGradientControllerNode.swift */,
				A3B3F3FC29A3CEAB0090E6E2 /* RadialGradientViewController.swift */,
			);
			path = RadialGradient;
			sourceTree = "<group>";
		};
		A3F888D529CC424000C67187 /* CollectionList */ = {
			isa = PBXGroup;
			children = (
				A3F888D629CC427000C67187 /* CollectionListNodeController.swift */,
				A3F888D829CC427D00C67187 /* CollectionListViewModel.swift */,
			);
			path = CollectionList;
			sourceTree = "<group>";
		};
		A3F8890129CE314500C67187 /* CollectionListDifferentCells */ = {
			isa = PBXGroup;
			children = (
				A3F8890229CE316100C67187 /* CollectionListDifferentCellsNodeController.swift */,
				A3F8890429CE316C00C67187 /* CollectionListDifferentCellsViewModel.swift */,
			);
			path = CollectionListDifferentCells;
			sourceTree = "<group>";
		};
/* End PBXGroup section */

/* Begin PBXNativeTarget section */
		607FACCF1AFB9204008FA782 /* VATextureKit_Example */ = {
			isa = PBXNativeTarget;
			buildConfigurationList = 607FACEF1AFB9204008FA782 /* Build configuration list for PBXNativeTarget "VATextureKit_Example" */;
			buildPhases = (
				C6B657BA7760AFFD820AF1BE /* [CP] Check Pods Manifest.lock */,
				A3B3F37A29A0DA230090E6E2 /* SwiftLint */,
				607FACCC1AFB9204008FA782 /* Sources */,
				607FACCD1AFB9204008FA782 /* Frameworks */,
				607FACCE1AFB9204008FA782 /* Resources */,
			);
			buildRules = (
			);
			dependencies = (
			);
			name = VATextureKit_Example;
			productName = VATextureKit;
			productReference = 607FACD01AFB9204008FA782 /* VATextureKit_Example.app */;
			productType = "com.apple.product-type.application";
		};
		607FACE41AFB9204008FA782 /* VATextureKit_Tests */ = {
			isa = PBXNativeTarget;
			buildConfigurationList = 607FACF21AFB9204008FA782 /* Build configuration list for PBXNativeTarget "VATextureKit_Tests" */;
			buildPhases = (
				74527DA690CED92C5466B582 /* [CP] Check Pods Manifest.lock */,
				607FACE11AFB9204008FA782 /* Sources */,
				607FACE21AFB9204008FA782 /* Frameworks */,
				607FACE31AFB9204008FA782 /* Resources */,
			);
			buildRules = (
			);
			dependencies = (
				607FACE71AFB9204008FA782 /* PBXTargetDependency */,
			);
			name = VATextureKit_Tests;
			packageProductDependencies = (
				A3E47BCB29D763C200D51E08 /* SnapshotTesting */,
			);
			productName = Tests;
			productReference = 607FACE51AFB9204008FA782 /* VATextureKit_Tests.xctest */;
			productType = "com.apple.product-type.bundle.unit-test";
		};
/* End PBXNativeTarget section */

/* Begin PBXProject section */
		607FACC81AFB9204008FA782 /* Project object */ = {
			isa = PBXProject;
			attributes = {
				LastSwiftUpdateCheck = 0830;
				LastUpgradeCheck = 1420;
				ORGANIZATIONNAME = CocoaPods;
				TargetAttributes = {
					607FACCF1AFB9204008FA782 = {
						CreatedOnToolsVersion = 6.3.1;
						LastSwiftMigration = 0900;
					};
					607FACE41AFB9204008FA782 = {
						CreatedOnToolsVersion = 6.3.1;
						LastSwiftMigration = 1420;
						TestTargetID = 607FACCF1AFB9204008FA782;
					};
				};
			};
			buildConfigurationList = 607FACCB1AFB9204008FA782 /* Build configuration list for PBXProject "VATextureKit" */;
			compatibilityVersion = "Xcode 3.2";
			developmentRegion = en;
			hasScannedForEncodings = 0;
			knownRegions = (
				en,
				Base,
			);
			mainGroup = 607FACC71AFB9204008FA782;
			packageReferences = (
				A3E47BCA29D763C200D51E08 /* XCRemoteSwiftPackageReference "swift-snapshot-testing" */,
			);
			productRefGroup = 607FACD11AFB9204008FA782 /* Products */;
			projectDirPath = "";
			projectRoot = "";
			targets = (
				607FACCF1AFB9204008FA782 /* VATextureKit_Example */,
				607FACE41AFB9204008FA782 /* VATextureKit_Tests */,
			);
		};
/* End PBXProject section */

/* Begin PBXResourcesBuildPhase section */
		607FACCE1AFB9204008FA782 /* Resources */ = {
			isa = PBXResourcesBuildPhase;
			buildActionMask = 2147483647;
			files = (
				607FACE01AFB9204008FA782 /* LaunchScreen.xib in Resources */,
				607FACDD1AFB9204008FA782 /* Images.xcassets in Resources */,
			);
			runOnlyForDeploymentPostprocessing = 0;
		};
		607FACE31AFB9204008FA782 /* Resources */ = {
			isa = PBXResourcesBuildPhase;
			buildActionMask = 2147483647;
			files = (
			);
			runOnlyForDeploymentPostprocessing = 0;
		};
/* End PBXResourcesBuildPhase section */

/* Begin PBXShellScriptBuildPhase section */
		74527DA690CED92C5466B582 /* [CP] Check Pods Manifest.lock */ = {
			isa = PBXShellScriptBuildPhase;
			buildActionMask = 2147483647;
			files = (
			);
			inputFileListPaths = (
			);
			inputPaths = (
				"${PODS_PODFILE_DIR_PATH}/Podfile.lock",
				"${PODS_ROOT}/Manifest.lock",
			);
			name = "[CP] Check Pods Manifest.lock";
			outputFileListPaths = (
			);
			outputPaths = (
				"$(DERIVED_FILE_DIR)/Pods-VATextureKit_Tests-checkManifestLockResult.txt",
			);
			runOnlyForDeploymentPostprocessing = 0;
			shellPath = /bin/sh;
			shellScript = "diff \"${PODS_PODFILE_DIR_PATH}/Podfile.lock\" \"${PODS_ROOT}/Manifest.lock\" > /dev/null\nif [ $? != 0 ] ; then\n    # print error to STDERR\n    echo \"error: The sandbox is not in sync with the Podfile.lock. Run 'pod install' or update your CocoaPods installation.\" >&2\n    exit 1\nfi\n# This output is used by Xcode 'outputs' to avoid re-running this script phase.\necho \"SUCCESS\" > \"${SCRIPT_OUTPUT_FILE_0}\"\n";
			showEnvVarsInLog = 0;
		};
		A3B3F37A29A0DA230090E6E2 /* SwiftLint */ = {
			isa = PBXShellScriptBuildPhase;
			alwaysOutOfDate = 1;
			buildActionMask = 2147483647;
			files = (
			);
			inputFileListPaths = (
			);
			inputPaths = (
			);
			name = SwiftLint;
			outputFileListPaths = (
			);
			outputPaths = (
			);
			runOnlyForDeploymentPostprocessing = 0;
			shellPath = /bin/sh;
			shellScript = "if [ \"${CONFIGURATION}\" = \"Debug\" ]; then\n  export PATH=\"$PATH:/opt/homebrew/bin\"\n\n  if which swiftlint >/dev/null; then\n    swiftlint\n  else\n    echo \"warning: SwiftLint not installed, download from https://github.com/realm/SwiftLint\"\n  fi\nfi\n";
		};
		C6B657BA7760AFFD820AF1BE /* [CP] Check Pods Manifest.lock */ = {
			isa = PBXShellScriptBuildPhase;
			buildActionMask = 2147483647;
			files = (
			);
			inputFileListPaths = (
			);
			inputPaths = (
				"${PODS_PODFILE_DIR_PATH}/Podfile.lock",
				"${PODS_ROOT}/Manifest.lock",
			);
			name = "[CP] Check Pods Manifest.lock";
			outputFileListPaths = (
			);
			outputPaths = (
				"$(DERIVED_FILE_DIR)/Pods-VATextureKit_Example-checkManifestLockResult.txt",
			);
			runOnlyForDeploymentPostprocessing = 0;
			shellPath = /bin/sh;
			shellScript = "diff \"${PODS_PODFILE_DIR_PATH}/Podfile.lock\" \"${PODS_ROOT}/Manifest.lock\" > /dev/null\nif [ $? != 0 ] ; then\n    # print error to STDERR\n    echo \"error: The sandbox is not in sync with the Podfile.lock. Run 'pod install' or update your CocoaPods installation.\" >&2\n    exit 1\nfi\n# This output is used by Xcode 'outputs' to avoid re-running this script phase.\necho \"SUCCESS\" > \"${SCRIPT_OUTPUT_FILE_0}\"\n";
			showEnvVarsInLog = 0;
		};
/* End PBXShellScriptBuildPhase section */

/* Begin PBXSourcesBuildPhase section */
		607FACCC1AFB9204008FA782 /* Sources */ = {
			isa = PBXSourcesBuildPhase;
			buildActionMask = 2147483647;
			files = (
				A397A2C529AAAF6800A05B8F /* NSObject+Applyable.swift in Sources */,
				A359BE7E29D76E1B003BDE19 /* Environment.swift in Sources */,
				A3F8890B29CE385B00C67187 /* ImageNumberCellNode.swift in Sources */,
				A3BCEC5729CFA6770077217F /* LoadingCellNode.swift in Sources */,
				A3B3F3E529A3868F0090E6E2 /* ContentSizeControllerNode.swift in Sources */,
				A397A2C229AAA68800A05B8F /* AlertNodeController.swift in Sources */,
				A3B3F3FD29A3CEAB0090E6E2 /* RadialGradientViewController.swift in Sources */,
				A3F888D929CC427D00C67187 /* CollectionListViewModel.swift in Sources */,
				A3B3F3CD29A2B4FC0090E6E2 /* MainListCellNode.swift in Sources */,
				A3F888DD29CC602900C67187 /* CollectionExampleCellNode.swift in Sources */,
				A3B3F3E729A3869B0090E6E2 /* ContentSizeViewController.swift in Sources */,
				A3B3F3CF29A2C0590090E6E2 /* NavigationRoute.swift in Sources */,
				A3B3F37929A0CDAD0090E6E2 /* MainNodeController.swift in Sources */,
				A3B3F3DE29A37C9C0090E6E2 /* AppearanceViewModel.swift in Sources */,
				A3B3F3D629A2C91A0090E6E2 /* AppearanceContollerNode.swift in Sources */,
				A3F888D729CC427000C67187 /* CollectionListNodeController.swift in Sources */,
				A3B3F3C529A22F860090E6E2 /* Theme.swift in Sources */,
				A3B3F3D129A2C1190090E6E2 /* Navigator.swift in Sources */,
				A3F8890529CE316C00C67187 /* CollectionListDifferentCellsViewModel.swift in Sources */,
				A3B3F3AF29A17A5B0090E6E2 /* ExampleNavigationController.swift in Sources */,
				A3B3F3D829A2C9340090E6E2 /* AppearanceViewController.swift in Sources */,
				607FACD61AFB9204008FA782 /* AppDelegate.swift in Sources */,
				A310A43229CF471400632416 /* CellViewModel.swift in Sources */,
				A3B3F3D329A2C8280090E6E2 /* MainViewModel.swift in Sources */,
				A3F8890329CE316100C67187 /* CollectionListDifferentCellsNodeController.swift in Sources */,
				A3F8890929CE37BD00C67187 /* ImageCellNode.swift in Sources */,
				A3F8890029CE2D0000C67187 /* Support.swift in Sources */,
				A3F888C729CB67F100C67187 /* Umbrella.swift in Sources */,
				A3B3F3FB29A3CDA10090E6E2 /* RadialGradientControllerNode.swift in Sources */,
				A3B3F3DC29A358120090E6E2 /* ThemeManager.swift in Sources */,
				A3B3F3F229A3B8C40090E6E2 /* GradientControllerNode.swift in Sources */,
				A3B3F3F429A3B8CD0090E6E2 /* GradientViewController.swift in Sources */,
			);
			runOnlyForDeploymentPostprocessing = 0;
		};
		607FACE11AFB9204008FA782 /* Sources */ = {
			isa = PBXSourcesBuildPhase;
			buildActionMask = 2147483647;
			files = (
				607FACEC1AFB9204008FA782 /* Tests.swift in Sources */,
				A359BE7A29D76C0D003BDE19 /* VADisplayNodeTests.swift in Sources */,
				A3D2488529CF860300EE1907 /* VAStateModelTests.swift in Sources */,
				A3D2488A29CF869900EE1907 /* Support.swift in Sources */,
			);
			runOnlyForDeploymentPostprocessing = 0;
		};
/* End PBXSourcesBuildPhase section */

/* Begin PBXTargetDependency section */
		607FACE71AFB9204008FA782 /* PBXTargetDependency */ = {
			isa = PBXTargetDependency;
			target = 607FACCF1AFB9204008FA782 /* VATextureKit_Example */;
			targetProxy = 607FACE61AFB9204008FA782 /* PBXContainerItemProxy */;
		};
/* End PBXTargetDependency section */

/* Begin PBXVariantGroup section */
		607FACDE1AFB9204008FA782 /* LaunchScreen.xib */ = {
			isa = PBXVariantGroup;
			children = (
				607FACDF1AFB9204008FA782 /* Base */,
			);
			name = LaunchScreen.xib;
			sourceTree = "<group>";
		};
/* End PBXVariantGroup section */

/* Begin XCBuildConfiguration section */
		607FACED1AFB9204008FA782 /* Debug */ = {
			isa = XCBuildConfiguration;
			buildSettings = {
				ALWAYS_SEARCH_USER_PATHS = NO;
				CLANG_ANALYZER_LOCALIZABILITY_NONLOCALIZED = YES;
				CLANG_CXX_LANGUAGE_STANDARD = "gnu++0x";
				CLANG_CXX_LIBRARY = "libc++";
				CLANG_ENABLE_MODULES = YES;
				CLANG_ENABLE_OBJC_ARC = YES;
				CLANG_WARN_BLOCK_CAPTURE_AUTORELEASING = YES;
				CLANG_WARN_BOOL_CONVERSION = YES;
				CLANG_WARN_COMMA = YES;
				CLANG_WARN_CONSTANT_CONVERSION = YES;
				CLANG_WARN_DEPRECATED_OBJC_IMPLEMENTATIONS = YES;
				CLANG_WARN_DIRECT_OBJC_ISA_USAGE = YES_ERROR;
				CLANG_WARN_EMPTY_BODY = YES;
				CLANG_WARN_ENUM_CONVERSION = YES;
				CLANG_WARN_INFINITE_RECURSION = YES;
				CLANG_WARN_INT_CONVERSION = YES;
				CLANG_WARN_NON_LITERAL_NULL_CONVERSION = YES;
				CLANG_WARN_OBJC_IMPLICIT_RETAIN_SELF = YES;
				CLANG_WARN_OBJC_LITERAL_CONVERSION = YES;
				CLANG_WARN_OBJC_ROOT_CLASS = YES_ERROR;
				CLANG_WARN_QUOTED_INCLUDE_IN_FRAMEWORK_HEADER = YES;
				CLANG_WARN_RANGE_LOOP_ANALYSIS = YES;
				CLANG_WARN_STRICT_PROTOTYPES = YES;
				CLANG_WARN_SUSPICIOUS_MOVE = YES;
				CLANG_WARN_UNREACHABLE_CODE = YES;
				CLANG_WARN__DUPLICATE_METHOD_MATCH = YES;
				"CODE_SIGN_IDENTITY[sdk=iphoneos*]" = "iPhone Developer";
				COPY_PHASE_STRIP = NO;
				DEBUG_INFORMATION_FORMAT = "dwarf-with-dsym";
				ENABLE_STRICT_OBJC_MSGSEND = YES;
				ENABLE_TESTABILITY = YES;
				GCC_C_LANGUAGE_STANDARD = gnu99;
				GCC_DYNAMIC_NO_PIC = NO;
				GCC_NO_COMMON_BLOCKS = YES;
				GCC_OPTIMIZATION_LEVEL = 0;
				GCC_PREPROCESSOR_DEFINITIONS = (
					"DEBUG=1",
					"$(inherited)",
				);
				GCC_SYMBOLS_PRIVATE_EXTERN = NO;
				GCC_WARN_64_TO_32_BIT_CONVERSION = YES;
				GCC_WARN_ABOUT_RETURN_TYPE = YES_ERROR;
				GCC_WARN_UNDECLARED_SELECTOR = YES;
				GCC_WARN_UNINITIALIZED_AUTOS = YES_AGGRESSIVE;
				GCC_WARN_UNUSED_FUNCTION = YES;
				GCC_WARN_UNUSED_VARIABLE = YES;
				IPHONEOS_DEPLOYMENT_TARGET = 12.0;
				MTL_ENABLE_DEBUG_INFO = YES;
				ONLY_ACTIVE_ARCH = YES;
				SDKROOT = iphoneos;
				SWIFT_OPTIMIZATION_LEVEL = "-Onone";
			};
			name = Debug;
		};
		607FACEE1AFB9204008FA782 /* Release */ = {
			isa = XCBuildConfiguration;
			buildSettings = {
				ALWAYS_SEARCH_USER_PATHS = NO;
				CLANG_ANALYZER_LOCALIZABILITY_NONLOCALIZED = YES;
				CLANG_CXX_LANGUAGE_STANDARD = "gnu++0x";
				CLANG_CXX_LIBRARY = "libc++";
				CLANG_ENABLE_MODULES = YES;
				CLANG_ENABLE_OBJC_ARC = YES;
				CLANG_WARN_BLOCK_CAPTURE_AUTORELEASING = YES;
				CLANG_WARN_BOOL_CONVERSION = YES;
				CLANG_WARN_COMMA = YES;
				CLANG_WARN_CONSTANT_CONVERSION = YES;
				CLANG_WARN_DEPRECATED_OBJC_IMPLEMENTATIONS = YES;
				CLANG_WARN_DIRECT_OBJC_ISA_USAGE = YES_ERROR;
				CLANG_WARN_EMPTY_BODY = YES;
				CLANG_WARN_ENUM_CONVERSION = YES;
				CLANG_WARN_INFINITE_RECURSION = YES;
				CLANG_WARN_INT_CONVERSION = YES;
				CLANG_WARN_NON_LITERAL_NULL_CONVERSION = YES;
				CLANG_WARN_OBJC_IMPLICIT_RETAIN_SELF = YES;
				CLANG_WARN_OBJC_LITERAL_CONVERSION = YES;
				CLANG_WARN_OBJC_ROOT_CLASS = YES_ERROR;
				CLANG_WARN_QUOTED_INCLUDE_IN_FRAMEWORK_HEADER = YES;
				CLANG_WARN_RANGE_LOOP_ANALYSIS = YES;
				CLANG_WARN_STRICT_PROTOTYPES = YES;
				CLANG_WARN_SUSPICIOUS_MOVE = YES;
				CLANG_WARN_UNREACHABLE_CODE = YES;
				CLANG_WARN__DUPLICATE_METHOD_MATCH = YES;
				"CODE_SIGN_IDENTITY[sdk=iphoneos*]" = "iPhone Developer";
				COPY_PHASE_STRIP = NO;
				DEBUG_INFORMATION_FORMAT = "dwarf-with-dsym";
				ENABLE_NS_ASSERTIONS = NO;
				ENABLE_STRICT_OBJC_MSGSEND = YES;
				GCC_C_LANGUAGE_STANDARD = gnu99;
				GCC_NO_COMMON_BLOCKS = YES;
				GCC_WARN_64_TO_32_BIT_CONVERSION = YES;
				GCC_WARN_ABOUT_RETURN_TYPE = YES_ERROR;
				GCC_WARN_UNDECLARED_SELECTOR = YES;
				GCC_WARN_UNINITIALIZED_AUTOS = YES_AGGRESSIVE;
				GCC_WARN_UNUSED_FUNCTION = YES;
				GCC_WARN_UNUSED_VARIABLE = YES;
				IPHONEOS_DEPLOYMENT_TARGET = 12.0;
				MTL_ENABLE_DEBUG_INFO = NO;
				SDKROOT = iphoneos;
				SWIFT_COMPILATION_MODE = wholemodule;
				SWIFT_OPTIMIZATION_LEVEL = "-O";
				VALIDATE_PRODUCT = YES;
			};
			name = Release;
		};
		607FACF01AFB9204008FA782 /* Debug */ = {
			isa = XCBuildConfiguration;
			baseConfigurationReference = 6D876C31217CA656A4FE2F15 /* Pods-VATextureKit_Example.debug.xcconfig */;
			buildSettings = {
				ASSETCATALOG_COMPILER_APPICON_NAME = AppIcon;
				INFOPLIST_FILE = VATextureKit/Info.plist;
				IPHONEOS_DEPLOYMENT_TARGET = 12.0;
				LD_RUNPATH_SEARCH_PATHS = (
					"$(inherited)",
					"@executable_path/Frameworks",
				);
				MODULE_NAME = ExampleApp;
				PRODUCT_BUNDLE_IDENTIFIER = "org.cocoapods.demo.$(PRODUCT_NAME:rfc1034identifier)";
				PRODUCT_NAME = "$(TARGET_NAME)";
				SWIFT_SWIFT3_OBJC_INFERENCE = Default;
				SWIFT_VERSION = 5.0;
			};
			name = Debug;
		};
		607FACF11AFB9204008FA782 /* Release */ = {
			isa = XCBuildConfiguration;
			baseConfigurationReference = 7E7793BF92D39325720321EF /* Pods-VATextureKit_Example.release.xcconfig */;
			buildSettings = {
				ASSETCATALOG_COMPILER_APPICON_NAME = AppIcon;
				INFOPLIST_FILE = VATextureKit/Info.plist;
				IPHONEOS_DEPLOYMENT_TARGET = 12.0;
				LD_RUNPATH_SEARCH_PATHS = (
					"$(inherited)",
					"@executable_path/Frameworks",
				);
				MODULE_NAME = ExampleApp;
				PRODUCT_BUNDLE_IDENTIFIER = "org.cocoapods.demo.$(PRODUCT_NAME:rfc1034identifier)";
				PRODUCT_NAME = "$(TARGET_NAME)";
				SWIFT_SWIFT3_OBJC_INFERENCE = Default;
				SWIFT_VERSION = 5.0;
			};
			name = Release;
		};
		607FACF31AFB9204008FA782 /* Debug */ = {
			isa = XCBuildConfiguration;
			baseConfigurationReference = 3453B943025891DE20EEBC7D /* Pods-VATextureKit_Tests.debug.xcconfig */;
			buildSettings = {
				BUNDLE_LOADER = "$(TEST_HOST)";
				CLANG_ENABLE_MODULES = YES;
				FRAMEWORK_SEARCH_PATHS = (
					"$(PLATFORM_DIR)/Developer/Library/Frameworks",
					"$(inherited)",
				);
				GCC_PREPROCESSOR_DEFINITIONS = (
					"DEBUG=1",
					"$(inherited)",
				);
				INFOPLIST_FILE = Tests/Info.plist;
				IPHONEOS_DEPLOYMENT_TARGET = 12.0;
				LD_RUNPATH_SEARCH_PATHS = (
					"$(inherited)",
					"@executable_path/Frameworks",
					"@loader_path/Frameworks",
				);
				PRODUCT_BUNDLE_IDENTIFIER = "org.cocoapods.$(PRODUCT_NAME:rfc1034identifier)";
				PRODUCT_NAME = "$(TARGET_NAME)";
				SUPPORTED_PLATFORMS = "iphoneos iphonesimulator";
				SUPPORTS_MACCATALYST = NO;
				SUPPORTS_MAC_DESIGNED_FOR_IPHONE_IPAD = YES;
				SWIFT_OBJC_BRIDGING_HEADER = "Tests/VATextureKit_Tests-Bridging-Header.h";
				SWIFT_OPTIMIZATION_LEVEL = "-Onone";
				SWIFT_SWIFT3_OBJC_INFERENCE = Default;
				SWIFT_VERSION = 5.0;
				TARGETED_DEVICE_FAMILY = 1;
				TEST_HOST = "$(BUILT_PRODUCTS_DIR)/VATextureKit_Example.app/$(BUNDLE_EXECUTABLE_FOLDER_PATH)/VATextureKit_Example";
			};
			name = Debug;
		};
		607FACF41AFB9204008FA782 /* Release */ = {
			isa = XCBuildConfiguration;
			baseConfigurationReference = 40FBB59C9B6DD2160922ED34 /* Pods-VATextureKit_Tests.release.xcconfig */;
			buildSettings = {
				BUNDLE_LOADER = "$(TEST_HOST)";
				CLANG_ENABLE_MODULES = YES;
				FRAMEWORK_SEARCH_PATHS = (
					"$(PLATFORM_DIR)/Developer/Library/Frameworks",
					"$(inherited)",
				);
				INFOPLIST_FILE = Tests/Info.plist;
				IPHONEOS_DEPLOYMENT_TARGET = 12.0;
				LD_RUNPATH_SEARCH_PATHS = (
					"$(inherited)",
					"@executable_path/Frameworks",
					"@loader_path/Frameworks",
				);
				PRODUCT_BUNDLE_IDENTIFIER = "org.cocoapods.$(PRODUCT_NAME:rfc1034identifier)";
				PRODUCT_NAME = "$(TARGET_NAME)";
				SUPPORTED_PLATFORMS = "iphoneos iphonesimulator";
				SUPPORTS_MACCATALYST = NO;
				SUPPORTS_MAC_DESIGNED_FOR_IPHONE_IPAD = YES;
				SWIFT_OBJC_BRIDGING_HEADER = "Tests/VATextureKit_Tests-Bridging-Header.h";
				SWIFT_SWIFT3_OBJC_INFERENCE = Default;
				SWIFT_VERSION = 5.0;
				TARGETED_DEVICE_FAMILY = 1;
				TEST_HOST = "$(BUILT_PRODUCTS_DIR)/VATextureKit_Example.app/$(BUNDLE_EXECUTABLE_FOLDER_PATH)/VATextureKit_Example";
			};
			name = Release;
		};
/* End XCBuildConfiguration section */

/* Begin XCConfigurationList section */
		607FACCB1AFB9204008FA782 /* Build configuration list for PBXProject "VATextureKit" */ = {
			isa = XCConfigurationList;
			buildConfigurations = (
				607FACED1AFB9204008FA782 /* Debug */,
				607FACEE1AFB9204008FA782 /* Release */,
			);
			defaultConfigurationIsVisible = 0;
			defaultConfigurationName = Release;
		};
		607FACEF1AFB9204008FA782 /* Build configuration list for PBXNativeTarget "VATextureKit_Example" */ = {
			isa = XCConfigurationList;
			buildConfigurations = (
				607FACF01AFB9204008FA782 /* Debug */,
				607FACF11AFB9204008FA782 /* Release */,
			);
			defaultConfigurationIsVisible = 0;
			defaultConfigurationName = Release;
		};
		607FACF21AFB9204008FA782 /* Build configuration list for PBXNativeTarget "VATextureKit_Tests" */ = {
			isa = XCConfigurationList;
			buildConfigurations = (
				607FACF31AFB9204008FA782 /* Debug */,
				607FACF41AFB9204008FA782 /* Release */,
			);
			defaultConfigurationIsVisible = 0;
			defaultConfigurationName = Release;
		};
/* End XCConfigurationList section */

/* Begin XCRemoteSwiftPackageReference section */
		A3E47BCA29D763C200D51E08 /* XCRemoteSwiftPackageReference "swift-snapshot-testing" */ = {
			isa = XCRemoteSwiftPackageReference;
			repositoryURL = "https://github.com/pointfreeco/swift-snapshot-testing";
			requirement = {
				kind = upToNextMajorVersion;
				minimumVersion = 1.0.0;
			};
		};
/* End XCRemoteSwiftPackageReference section */

/* Begin XCSwiftPackageProductDependency section */
		A3E47BCB29D763C200D51E08 /* SnapshotTesting */ = {
			isa = XCSwiftPackageProductDependency;
			package = A3E47BCA29D763C200D51E08 /* XCRemoteSwiftPackageReference "swift-snapshot-testing" */;
			productName = SnapshotTesting;
		};
/* End XCSwiftPackageProductDependency section */
	};
	rootObject = 607FACC81AFB9204008FA782 /* Project object */;
}
